// !$*UTF8*$!
{
	archiveVersion = 1;
	classes = {
	};
	objectVersion = 70;
	objects = {

/* Begin PBXBuildFile section */
		CC5C8BDB2EFA8EF500D14CF1 /* SnapshotTesting in Frameworks */ = {isa = PBXBuildFile; productRef = CC5C8BDA2EFA8EF500D14CF1 /* SnapshotTesting */; };
		CC5C8BDD2EFA8F3800D14CF1 /* RecipeListRowTests.swift in Sources */ = {isa = PBXBuildFile; fileRef = CC5C8BDC2EFA8F3800D14CF1 /* RecipeListRowTests.swift */; };
		CC5C8BF52EFAA8B000D14CF1 /* CookingTimeView.swift in Sources */ = {isa = PBXBuildFile; fileRef = CC5C8BF12EFAA8B000D14CF1 /* CookingTimeView.swift */; };
		CC5C8BF62EFAA8B000D14CF1 /* RatingView.swift in Sources */ = {isa = PBXBuildFile; fileRef = CC5C8BF22EFAA8B000D14CF1 /* RatingView.swift */; };
		CC5C8BF72EFAA8B000D14CF1 /* RecipeListRow.swift in Sources */ = {isa = PBXBuildFile; fileRef = CC5C8BF32EFAA8B000D14CF1 /* RecipeListRow.swift */; };
		CC5C8BF82EFAA8B000D14CF1 /* CookingTimeView.swift in Sources */ = {isa = PBXBuildFile; fileRef = CC5C8BF12EFAA8B000D14CF1 /* CookingTimeView.swift */; };
		CC5C8BF92EFAA8B000D14CF1 /* RatingView.swift in Sources */ = {isa = PBXBuildFile; fileRef = CC5C8BF22EFAA8B000D14CF1 /* RatingView.swift */; };
		CC5C8BFA2EFAA8B000D14CF1 /* RecipeListRow.swift in Sources */ = {isa = PBXBuildFile; fileRef = CC5C8BF32EFAA8B000D14CF1 /* RecipeListRow.swift */; };
		CC5C8C032EFAAA9F00D14CF1 /* RecipeListImage.swift in Sources */ = {isa = PBXBuildFile; fileRef = CC5C8C022EFAAA9600D14CF1 /* RecipeListImage.swift */; };
		CC5C8C042EFAAA9F00D14CF1 /* RecipeListImage.swift in Sources */ = {isa = PBXBuildFile; fileRef = CC5C8C022EFAAA9600D14CF1 /* RecipeListImage.swift */; };
		CC71F5212AF761CD00A77856 /* SyncStorage.swift in Sources */ = {isa = PBXBuildFile; fileRef = CC71F5202AF761CD00A77856 /* SyncStorage.swift */; };
		CC71F5232AF761E800A77856 /* InMemoryStorage.swift in Sources */ = {isa = PBXBuildFile; fileRef = CC71F5222AF761E800A77856 /* InMemoryStorage.swift */; };
		CC71F5262AF762DE00A77856 /* RecipieListCacheTests.swift in Sources */ = {isa = PBXBuildFile; fileRef = CC71F5242AF762C400A77856 /* RecipieListCacheTests.swift */; };
		CC71F52B2AF8CE4400A77856 /* RecipieListExpirationPolicyTests.swift in Sources */ = {isa = PBXBuildFile; fileRef = CC71F52A2AF8CE4400A77856 /* RecipieListExpirationPolicyTests.swift */; };
		CC71F52E2AF8D27E00A77856 /* RecipieListCache.swift in Sources */ = {isa = PBXBuildFile; fileRef = CC71F52D2AF8D27E00A77856 /* RecipieListCache.swift */; };
		CC71F5302AF8D31600A77856 /* RecipieListExpirationPolicy.swift in Sources */ = {isa = PBXBuildFile; fileRef = CC71F52F2AF8D31600A77856 /* RecipieListExpirationPolicy.swift */; };
		CC71F5322AF8E3B300A77856 /* RecipeListRemoteLoader.swift in Sources */ = {isa = PBXBuildFile; fileRef = CC71F5312AF8E3B300A77856 /* RecipeListRemoteLoader.swift */; };
		CC71F5342AF8E51000A77856 /* RecipieListCacheAsync.swift in Sources */ = {isa = PBXBuildFile; fileRef = CC71F5332AF8E51000A77856 /* RecipieListCacheAsync.swift */; };
		CC71F5392AF8E7DE00A77856 /* RecipeListDTOLoader.swift in Sources */ = {isa = PBXBuildFile; fileRef = CC71F5382AF8E7DE00A77856 /* RecipeListDTOLoader.swift */; };
		CC71F53B2AF8E85000A77856 /* RecipieListLoader.swift in Sources */ = {isa = PBXBuildFile; fileRef = CC71F53A2AF8E85000A77856 /* RecipieListLoader.swift */; };
		CC9D23142F0A2D780039E3D4 /* RecipeUIKit.framework in Frameworks */ = {isa = PBXBuildFile; fileRef = CC9D230E2F0A2D780039E3D4 /* RecipeUIKit.framework */; };
		CC9D23152F0A2D780039E3D4 /* RecipeUIKit.framework in Embed Frameworks */ = {isa = PBXBuildFile; fileRef = CC9D230E2F0A2D780039E3D4 /* RecipeUIKit.framework */; settings = {ATTRIBUTES = (CodeSignOnCopy, RemoveHeadersOnCopy, ); }; };
		CC9D231E2F0A2D7E0039E3D4 /* RecipeUIKit.swift in Sources */ = {isa = PBXBuildFile; fileRef = CC9D231C2F0A2D7E0039E3D4 /* RecipeUIKit.swift */; };
		CC9D231F2F0A2D7E0039E3D4 /* Assets.xcassets in Resources */ = {isa = PBXBuildFile; fileRef = CC9D231B2F0A2D7E0039E3D4 /* Assets.xcassets */; };
		CC9D23212F0A2DD60039E3D4 /* RecipeUIKit.framework in Frameworks */ = {isa = PBXBuildFile; fileRef = CC9D230E2F0A2D780039E3D4 /* RecipeUIKit.framework */; };
		CC9D23272F0A33FD0039E3D4 /* UIImage+Extensions.swift in Sources */ = {isa = PBXBuildFile; fileRef = CC9D22E82F0A27E10039E3D4 /* UIImage+Extensions.swift */; };
		CCA610202AF74A0A001D3F1C /* InMemoryStorageTests.swift in Sources */ = {isa = PBXBuildFile; fileRef = CCA6101F2AF74A0A001D3F1C /* InMemoryStorageTests.swift */; };
		CCA610222AF7548A001D3F1C /* RecipeListItem+TestHelpers.swift in Sources */ = {isa = PBXBuildFile; fileRef = CCA610212AF7548A001D3F1C /* RecipeListItem+TestHelpers.swift */; };
		CCF62CBD2ADA82BB009537A9 /* recipiesApp.swift in Sources */ = {isa = PBXBuildFile; fileRef = CCF62CBC2ADA82BB009537A9 /* recipiesApp.swift */; };
		CCF62CBF2ADA82BB009537A9 /* ContentView.swift in Sources */ = {isa = PBXBuildFile; fileRef = CCF62CBE2ADA82BB009537A9 /* ContentView.swift */; };
		CCF62CC12ADA82CB009537A9 /* Assets.xcassets in Resources */ = {isa = PBXBuildFile; fileRef = CCF62CC02ADA82CB009537A9 /* Assets.xcassets */; };
		CCF62CC42ADA82CB009537A9 /* Preview Assets.xcassets in Resources */ = {isa = PBXBuildFile; fileRef = CCF62CC32ADA82CB009537A9 /* Preview Assets.xcassets */; };
		CCF62CCE2ADA82CB009537A9 /* recipiesTests.swift in Sources */ = {isa = PBXBuildFile; fileRef = CCF62CCD2ADA82CB009537A9 /* recipiesTests.swift */; };
		CCF62CD82ADA82CB009537A9 /* recipiesUITests.swift in Sources */ = {isa = PBXBuildFile; fileRef = CCF62CD72ADA82CB009537A9 /* recipiesUITests.swift */; };
		CCF62CDA2ADA82CB009537A9 /* recipiesUITestsLaunchTests.swift in Sources */ = {isa = PBXBuildFile; fileRef = CCF62CD92ADA82CB009537A9 /* recipiesUITestsLaunchTests.swift */; };
		CCF62CF52ADA8949009537A9 /* RecipieList.framework in Frameworks */ = {isa = PBXBuildFile; fileRef = CCF62CED2ADA8949009537A9 /* RecipieList.framework */; };
		CCF62CFD2ADA8949009537A9 /* RecipieList.h in Headers */ = {isa = PBXBuildFile; fileRef = CCF62CEF2ADA8949009537A9 /* RecipieList.h */; settings = {ATTRIBUTES = (Public, ); }; };
		CCF62D002ADA8949009537A9 /* RecipieList.framework in Frameworks */ = {isa = PBXBuildFile; fileRef = CCF62CED2ADA8949009537A9 /* RecipieList.framework */; };
		CCF62D012ADA8949009537A9 /* RecipieList.framework in Embed Frameworks */ = {isa = PBXBuildFile; fileRef = CCF62CED2ADA8949009537A9 /* RecipieList.framework */; settings = {ATTRIBUTES = (CodeSignOnCopy, RemoveHeadersOnCopy, ); }; };
		CCF62D0D2ADA89B3009537A9 /* RecipeItemDTO.swift in Sources */ = {isa = PBXBuildFile; fileRef = CCF62D0B2ADA89B0009537A9 /* RecipeItemDTO.swift */; };
		CCF62D0F2ADA8C0A009537A9 /* RecipieListTests.swift in Sources */ = {isa = PBXBuildFile; fileRef = CCF62CFB2ADA8949009537A9 /* RecipieListTests.swift */; };
		CCF62D132ADAAA0C009537A9 /* RecipeListItem.swift in Sources */ = {isa = PBXBuildFile; fileRef = CCF62D112ADAA9E3009537A9 /* RecipeListItem.swift */; };
		CCF62D152ADAAA33009537A9 /* RecipieListFallbackLoader.swift in Sources */ = {isa = PBXBuildFile; fileRef = CCF62D142ADAAA33009537A9 /* RecipieListFallbackLoader.swift */; };
		CCF62D192ADAAA7A009537A9 /* NSError+Extensions.swift in Sources */ = {isa = PBXBuildFile; fileRef = CCF62D172ADAAA76009537A9 /* NSError+Extensions.swift */; };
		CCF62D1B2ADAAA9A009537A9 /* Date+Extensions.swift in Sources */ = {isa = PBXBuildFile; fileRef = CCF62D1A2ADAAA9A009537A9 /* Date+Extensions.swift */; };
		CCF62D1D2ADAAC2B009537A9 /* XCTestCase+Extensions.swift in Sources */ = {isa = PBXBuildFile; fileRef = CCF62D1C2ADAAC2B009537A9 /* XCTestCase+Extensions.swift */; };
/* End PBXBuildFile section */

/* Begin PBXContainerItemProxy section */
		CC9D23122F0A2D780039E3D4 /* PBXContainerItemProxy */ = {
			isa = PBXContainerItemProxy;
			containerPortal = CCF62CB12ADA82BB009537A9 /* Project object */;
			proxyType = 1;
			remoteGlobalIDString = CC9D230D2F0A2D780039E3D4;
			remoteInfo = RecipeUIKit;
		};
		CC9D23232F0A2DD60039E3D4 /* PBXContainerItemProxy */ = {
			isa = PBXContainerItemProxy;
			containerPortal = CCF62CB12ADA82BB009537A9 /* Project object */;
			proxyType = 1;
			remoteGlobalIDString = CC9D230D2F0A2D780039E3D4;
			remoteInfo = RecipeUIKit;
		};
		CCF62CCA2ADA82CB009537A9 /* PBXContainerItemProxy */ = {
			isa = PBXContainerItemProxy;
			containerPortal = CCF62CB12ADA82BB009537A9 /* Project object */;
			proxyType = 1;
			remoteGlobalIDString = CCF62CB82ADA82BB009537A9;
			remoteInfo = recipies;
		};
		CCF62CD42ADA82CB009537A9 /* PBXContainerItemProxy */ = {
			isa = PBXContainerItemProxy;
			containerPortal = CCF62CB12ADA82BB009537A9 /* Project object */;
			proxyType = 1;
			remoteGlobalIDString = CCF62CB82ADA82BB009537A9;
			remoteInfo = recipies;
		};
		CCF62CF62ADA8949009537A9 /* PBXContainerItemProxy */ = {
			isa = PBXContainerItemProxy;
			containerPortal = CCF62CB12ADA82BB009537A9 /* Project object */;
			proxyType = 1;
			remoteGlobalIDString = CCF62CEC2ADA8949009537A9;
			remoteInfo = RecipieList;
		};
		CCF62CF82ADA8949009537A9 /* PBXContainerItemProxy */ = {
			isa = PBXContainerItemProxy;
			containerPortal = CCF62CB12ADA82BB009537A9 /* Project object */;
			proxyType = 1;
			remoteGlobalIDString = CCF62CB82ADA82BB009537A9;
			remoteInfo = recipies;
		};
		CCF62CFE2ADA8949009537A9 /* PBXContainerItemProxy */ = {
			isa = PBXContainerItemProxy;
			containerPortal = CCF62CB12ADA82BB009537A9 /* Project object */;
			proxyType = 1;
			remoteGlobalIDString = CCF62CEC2ADA8949009537A9;
			remoteInfo = RecipieList;
		};
/* End PBXContainerItemProxy section */

/* Begin PBXCopyFilesBuildPhase section */
		CCF62D052ADA8949009537A9 /* Embed Frameworks */ = {
			isa = PBXCopyFilesBuildPhase;
			buildActionMask = 2147483647;
			dstPath = "";
			dstSubfolderSpec = 10;
			files = (
				CCF62D012ADA8949009537A9 /* RecipieList.framework in Embed Frameworks */,
				CC9D23152F0A2D780039E3D4 /* RecipeUIKit.framework in Embed Frameworks */,
			);
			name = "Embed Frameworks";
			runOnlyForDeploymentPostprocessing = 0;
		};
/* End PBXCopyFilesBuildPhase section */

/* Begin PBXFileReference section */
		CC5C8BDC2EFA8F3800D14CF1 /* RecipeListRowTests.swift */ = {isa = PBXFileReference; lastKnownFileType = sourcecode.swift; path = RecipeListRowTests.swift; sourceTree = "<group>"; };
		CC5C8BE42EFA9A1F00D14CF1 /* 003 - Snapshot testing.md */ = {isa = PBXFileReference; lastKnownFileType = net.daringfireball.markdown; path = "003 - Snapshot testing.md"; sourceTree = "<group>"; };
		CC5C8BF12EFAA8B000D14CF1 /* CookingTimeView.swift */ = {isa = PBXFileReference; lastKnownFileType = sourcecode.swift; path = CookingTimeView.swift; sourceTree = "<group>"; };
		CC5C8BF22EFAA8B000D14CF1 /* RatingView.swift */ = {isa = PBXFileReference; lastKnownFileType = sourcecode.swift; path = RatingView.swift; sourceTree = "<group>"; };
		CC5C8BF32EFAA8B000D14CF1 /* RecipeListRow.swift */ = {isa = PBXFileReference; lastKnownFileType = sourcecode.swift; path = RecipeListRow.swift; sourceTree = "<group>"; };
		CC5C8C022EFAAA9600D14CF1 /* RecipeListImage.swift */ = {isa = PBXFileReference; lastKnownFileType = sourcecode.swift; path = RecipeListImage.swift; sourceTree = "<group>"; };
		CC71F5202AF761CD00A77856 /* SyncStorage.swift */ = {isa = PBXFileReference; lastKnownFileType = sourcecode.swift; path = SyncStorage.swift; sourceTree = "<group>"; };
		CC71F5222AF761E800A77856 /* InMemoryStorage.swift */ = {isa = PBXFileReference; lastKnownFileType = sourcecode.swift; path = InMemoryStorage.swift; sourceTree = "<group>"; };
		CC71F5242AF762C400A77856 /* RecipieListCacheTests.swift */ = {isa = PBXFileReference; lastKnownFileType = sourcecode.swift; path = RecipieListCacheTests.swift; sourceTree = "<group>"; };
		CC71F52A2AF8CE4400A77856 /* RecipieListExpirationPolicyTests.swift */ = {isa = PBXFileReference; lastKnownFileType = sourcecode.swift; path = RecipieListExpirationPolicyTests.swift; sourceTree = "<group>"; };
		CC71F52D2AF8D27E00A77856 /* RecipieListCache.swift */ = {isa = PBXFileReference; lastKnownFileType = sourcecode.swift; path = RecipieListCache.swift; sourceTree = "<group>"; };
		CC71F52F2AF8D31600A77856 /* RecipieListExpirationPolicy.swift */ = {isa = PBXFileReference; lastKnownFileType = sourcecode.swift; path = RecipieListExpirationPolicy.swift; sourceTree = "<group>"; };
		CC71F5312AF8E3B300A77856 /* RecipeListRemoteLoader.swift */ = {isa = PBXFileReference; lastKnownFileType = sourcecode.swift; path = RecipeListRemoteLoader.swift; sourceTree = "<group>"; };
		CC71F5332AF8E51000A77856 /* RecipieListCacheAsync.swift */ = {isa = PBXFileReference; lastKnownFileType = sourcecode.swift; path = RecipieListCacheAsync.swift; sourceTree = "<group>"; };
		CC71F5382AF8E7DE00A77856 /* RecipeListDTOLoader.swift */ = {isa = PBXFileReference; lastKnownFileType = sourcecode.swift; path = RecipeListDTOLoader.swift; sourceTree = "<group>"; };
		CC71F53A2AF8E85000A77856 /* RecipieListLoader.swift */ = {isa = PBXFileReference; lastKnownFileType = sourcecode.swift; path = RecipieListLoader.swift; sourceTree = "<group>"; };
		CC9D22E82F0A27E10039E3D4 /* UIImage+Extensions.swift */ = {isa = PBXFileReference; lastKnownFileType = sourcecode.swift; path = "UIImage+Extensions.swift"; sourceTree = "<group>"; };
		CC9D230E2F0A2D780039E3D4 /* RecipeUIKit.framework */ = {isa = PBXFileReference; explicitFileType = wrapper.framework; includeInIndex = 0; path = RecipeUIKit.framework; sourceTree = BUILT_PRODUCTS_DIR; };
		CC9D231B2F0A2D7E0039E3D4 /* Assets.xcassets */ = {isa = PBXFileReference; lastKnownFileType = folder.assetcatalog; path = Assets.xcassets; sourceTree = "<group>"; };
		CC9D231C2F0A2D7E0039E3D4 /* RecipeUIKit.swift */ = {isa = PBXFileReference; lastKnownFileType = sourcecode.swift; path = RecipeUIKit.swift; sourceTree = "<group>"; };
		CC9D23262F0A33DF0039E3D4 /* RecipeListRowSnapshot.1.png */ = {isa = PBXFileReference; lastKnownFileType = image.png; path = RecipeListRowSnapshot.1.png; sourceTree = "<group>"; };
		CCA6101F2AF74A0A001D3F1C /* InMemoryStorageTests.swift */ = {isa = PBXFileReference; lastKnownFileType = sourcecode.swift; path = InMemoryStorageTests.swift; sourceTree = "<group>"; };
		CCA610212AF7548A001D3F1C /* RecipeListItem+TestHelpers.swift */ = {isa = PBXFileReference; lastKnownFileType = sourcecode.swift; path = "RecipeListItem+TestHelpers.swift"; sourceTree = "<group>"; };
		CCF62CB92ADA82BB009537A9 /* recipies.app */ = {isa = PBXFileReference; explicitFileType = wrapper.application; includeInIndex = 0; path = recipies.app; sourceTree = BUILT_PRODUCTS_DIR; };
		CCF62CBC2ADA82BB009537A9 /* recipiesApp.swift */ = {isa = PBXFileReference; lastKnownFileType = sourcecode.swift; path = recipiesApp.swift; sourceTree = "<group>"; };
		CCF62CBE2ADA82BB009537A9 /* ContentView.swift */ = {isa = PBXFileReference; lastKnownFileType = sourcecode.swift; path = ContentView.swift; sourceTree = "<group>"; };
		CCF62CC02ADA82CB009537A9 /* Assets.xcassets */ = {isa = PBXFileReference; lastKnownFileType = folder.assetcatalog; path = Assets.xcassets; sourceTree = "<group>"; };
		CCF62CC32ADA82CB009537A9 /* Preview Assets.xcassets */ = {isa = PBXFileReference; lastKnownFileType = folder.assetcatalog; path = "Preview Assets.xcassets"; sourceTree = "<group>"; };
		CCF62CC92ADA82CB009537A9 /* recipiesTests.xctest */ = {isa = PBXFileReference; explicitFileType = wrapper.cfbundle; includeInIndex = 0; path = recipiesTests.xctest; sourceTree = BUILT_PRODUCTS_DIR; };
		CCF62CCD2ADA82CB009537A9 /* recipiesTests.swift */ = {isa = PBXFileReference; lastKnownFileType = sourcecode.swift; path = recipiesTests.swift; sourceTree = "<group>"; };
		CCF62CD32ADA82CB009537A9 /* recipiesUITests.xctest */ = {isa = PBXFileReference; explicitFileType = wrapper.cfbundle; includeInIndex = 0; path = recipiesUITests.xctest; sourceTree = BUILT_PRODUCTS_DIR; };
		CCF62CD72ADA82CB009537A9 /* recipiesUITests.swift */ = {isa = PBXFileReference; lastKnownFileType = sourcecode.swift; path = recipiesUITests.swift; sourceTree = "<group>"; };
		CCF62CD92ADA82CB009537A9 /* recipiesUITestsLaunchTests.swift */ = {isa = PBXFileReference; lastKnownFileType = sourcecode.swift; path = recipiesUITestsLaunchTests.swift; sourceTree = "<group>"; };
		CCF62CED2ADA8949009537A9 /* RecipieList.framework */ = {isa = PBXFileReference; explicitFileType = wrapper.framework; includeInIndex = 0; path = RecipieList.framework; sourceTree = BUILT_PRODUCTS_DIR; };
		CCF62CEF2ADA8949009537A9 /* RecipieList.h */ = {isa = PBXFileReference; lastKnownFileType = sourcecode.c.h; path = RecipieList.h; sourceTree = "<group>"; };
		CCF62CF42ADA8949009537A9 /* RecipieListTests.xctest */ = {isa = PBXFileReference; explicitFileType = wrapper.cfbundle; includeInIndex = 0; path = RecipieListTests.xctest; sourceTree = BUILT_PRODUCTS_DIR; };
		CCF62CFB2ADA8949009537A9 /* RecipieListTests.swift */ = {isa = PBXFileReference; lastKnownFileType = sourcecode.swift; path = RecipieListTests.swift; sourceTree = "<group>"; };
		CCF62D0B2ADA89B0009537A9 /* RecipeItemDTO.swift */ = {isa = PBXFileReference; lastKnownFileType = sourcecode.swift; path = RecipeItemDTO.swift; sourceTree = "<group>"; };
		CCF62D0E2ADA8BB3009537A9 /* RecipieList.xctestplan */ = {isa = PBXFileReference; lastKnownFileType = text; name = RecipieList.xctestplan; path = Features/RecipeList/Tests/RecipieList.xctestplan; sourceTree = "<group>"; };
		CCF62D112ADAA9E3009537A9 /* RecipeListItem.swift */ = {isa = PBXFileReference; lastKnownFileType = sourcecode.swift; path = RecipeListItem.swift; sourceTree = "<group>"; };
		CCF62D142ADAAA33009537A9 /* RecipieListFallbackLoader.swift */ = {isa = PBXFileReference; lastKnownFileType = sourcecode.swift; path = RecipieListFallbackLoader.swift; sourceTree = "<group>"; };
		CCF62D172ADAAA76009537A9 /* NSError+Extensions.swift */ = {isa = PBXFileReference; lastKnownFileType = sourcecode.swift; path = "NSError+Extensions.swift"; sourceTree = "<group>"; };
		CCF62D1A2ADAAA9A009537A9 /* Date+Extensions.swift */ = {isa = PBXFileReference; lastKnownFileType = sourcecode.swift; path = "Date+Extensions.swift"; sourceTree = "<group>"; };
		CCF62D1C2ADAAC2B009537A9 /* XCTestCase+Extensions.swift */ = {isa = PBXFileReference; lastKnownFileType = sourcecode.swift; path = "XCTestCase+Extensions.swift"; sourceTree = "<group>"; };
/* End PBXFileReference section */

/* Begin PBXFileSystemSynchronizedRootGroup section */
		CC5C8BCC2EFA773E00D14CF1 /* Mocks */ = {isa = PBXFileSystemSynchronizedRootGroup; explicitFileTypes = {}; explicitFolders = (); path = Mocks; sourceTree = "<group>"; };
/* End PBXFileSystemSynchronizedRootGroup section */

/* Begin PBXFrameworksBuildPhase section */
		CC9D230B2F0A2D780039E3D4 /* Frameworks */ = {
			isa = PBXFrameworksBuildPhase;
			buildActionMask = 2147483647;
			files = (
			);
			runOnlyForDeploymentPostprocessing = 0;
		};
		CCF62CB62ADA82BB009537A9 /* Frameworks */ = {
			isa = PBXFrameworksBuildPhase;
			buildActionMask = 2147483647;
			files = (
				CCF62D002ADA8949009537A9 /* RecipieList.framework in Frameworks */,
				CC9D23142F0A2D780039E3D4 /* RecipeUIKit.framework in Frameworks */,
			);
			runOnlyForDeploymentPostprocessing = 0;
		};
		CCF62CC62ADA82CB009537A9 /* Frameworks */ = {
			isa = PBXFrameworksBuildPhase;
			buildActionMask = 2147483647;
			files = (
			);
			runOnlyForDeploymentPostprocessing = 0;
		};
		CCF62CD02ADA82CB009537A9 /* Frameworks */ = {
			isa = PBXFrameworksBuildPhase;
			buildActionMask = 2147483647;
			files = (
			);
			runOnlyForDeploymentPostprocessing = 0;
		};
		CCF62CEA2ADA8949009537A9 /* Frameworks */ = {
			isa = PBXFrameworksBuildPhase;
			buildActionMask = 2147483647;
			files = (
				CC9D23212F0A2DD60039E3D4 /* RecipeUIKit.framework in Frameworks */,
			);
			runOnlyForDeploymentPostprocessing = 0;
		};
		CCF62CF12ADA8949009537A9 /* Frameworks */ = {
			isa = PBXFrameworksBuildPhase;
			buildActionMask = 2147483647;
			files = (
				CCF62CF52ADA8949009537A9 /* RecipieList.framework in Frameworks */,
				CC5C8BDB2EFA8EF500D14CF1 /* SnapshotTesting in Frameworks */,
			);
			runOnlyForDeploymentPostprocessing = 0;
		};
/* End PBXFrameworksBuildPhase section */

/* Begin PBXGroup section */
		CC5C8BDF2EFA977400D14CF1 /* RecipeListRowTests */ = {
			isa = PBXGroup;
			children = (
				CC9D23262F0A33DF0039E3D4 /* RecipeListRowSnapshot.1.png */,
			);
			path = RecipeListRowTests;
			sourceTree = "<group>";
		};
		CC5C8BE02EFA977400D14CF1 /* __Snapshots__ */ = {
			isa = PBXGroup;
			children = (
				CC5C8BDF2EFA977400D14CF1 /* RecipeListRowTests */,
			);
			path = __Snapshots__;
			sourceTree = "<group>";
		};
		CC5C8BE32EFA99DF00D14CF1 /* Лекции */ = {
			isa = PBXGroup;
			children = (
				CC5C8BE42EFA9A1F00D14CF1 /* 003 - Snapshot testing.md */,
			);
			path = "Лекции";
			sourceTree = "<group>";
		};
		CC5C8BF42EFAA8B000D14CF1 /* UI */ = {
			isa = PBXGroup;
			children = (
				CC5C8C022EFAAA9600D14CF1 /* RecipeListImage.swift */,
				CC5C8BF12EFAA8B000D14CF1 /* CookingTimeView.swift */,
				CC5C8BF22EFAA8B000D14CF1 /* RatingView.swift */,
				CC5C8BF32EFAA8B000D14CF1 /* RecipeListRow.swift */,
			);
			path = UI;
			sourceTree = "<group>";
		};
		CC5C8BFB2EFAA8B700D14CF1 /* Abstractions */ = {
			isa = PBXGroup;
			children = (
			);
			path = Abstractions;
			sourceTree = "<group>";
		};
		CC71F51F2AF761BF00A77856 /* Storage */ = {
			isa = PBXGroup;
			children = (
				CC71F5202AF761CD00A77856 /* SyncStorage.swift */,
				CC71F5222AF761E800A77856 /* InMemoryStorage.swift */,
			);
			path = Storage;
			sourceTree = "<group>";
		};
		CC71F52C2AF8D26F00A77856 /* Cache */ = {
			isa = PBXGroup;
			children = (
				CC71F52D2AF8D27E00A77856 /* RecipieListCache.swift */,
				CC71F52F2AF8D31600A77856 /* RecipieListExpirationPolicy.swift */,
				CC71F5332AF8E51000A77856 /* RecipieListCacheAsync.swift */,
			);
			path = Cache;
			sourceTree = "<group>";
		};
		CC71F5372AF8E7CA00A77856 /* DTO */ = {
			isa = PBXGroup;
			children = (
				CCF62D0B2ADA89B0009537A9 /* RecipeItemDTO.swift */,
				CC71F5382AF8E7DE00A77856 /* RecipeListDTOLoader.swift */,
			);
			path = DTO;
			sourceTree = "<group>";
		};
		CC9D231D2F0A2D7E0039E3D4 /* RecipeUIKit */ = {
			isa = PBXGroup;
			children = (
				CC9D231B2F0A2D7E0039E3D4 /* Assets.xcassets */,
				CC9D231C2F0A2D7E0039E3D4 /* RecipeUIKit.swift */,
				CC9D22E82F0A27E10039E3D4 /* UIImage+Extensions.swift */,
			);
			path = RecipeUIKit;
			sourceTree = "<group>";
		};
		CC9D23202F0A2DD60039E3D4 /* Frameworks */ = {
			isa = PBXGroup;
			children = (
			);
			name = Frameworks;
			sourceTree = "<group>";
		};
		CC9D23282F0A34F80039E3D4 /* Services */ = {
			isa = PBXGroup;
			children = (
				CCF62CFB2ADA8949009537A9 /* RecipieListTests.swift */,
				CCA6101F2AF74A0A001D3F1C /* InMemoryStorageTests.swift */,
				CC71F5242AF762C400A77856 /* RecipieListCacheTests.swift */,
				CC71F52A2AF8CE4400A77856 /* RecipieListExpirationPolicyTests.swift */,
			);
			path = Services;
			sourceTree = "<group>";
		};
		CC9D23292F0A350F0039E3D4 /* UI */ = {
			isa = PBXGroup;
			children = (
				CC5C8BDC2EFA8F3800D14CF1 /* RecipeListRowTests.swift */,
				CC5C8BE02EFA977400D14CF1 /* __Snapshots__ */,
			);
			path = UI;
			sourceTree = "<group>";
		};
		CCF62CB02ADA82BB009537A9 = {
			isa = PBXGroup;
			children = (
				CC5C8BCC2EFA773E00D14CF1 /* Mocks */,
				CCF62D0E2ADA8BB3009537A9 /* RecipieList.xctestplan */,
				CCF62CE62ADA8906009537A9 /* Features */,
				CCF62CBB2ADA82BB009537A9 /* recipies */,
				CCF62CCC2ADA82CB009537A9 /* recipiesTests */,
				CCF62CD62ADA82CB009537A9 /* recipiesUITests */,
				CCF62CEE2ADA8949009537A9 /* RecipieList */,
				CC9D231D2F0A2D7E0039E3D4 /* RecipeUIKit */,
				CCF62CBA2ADA82BB009537A9 /* Products */,
				CC5C8BE32EFA99DF00D14CF1 /* Лекции */,
				CC9D23202F0A2DD60039E3D4 /* Frameworks */,
			);
			sourceTree = "<group>";
		};
		CCF62CBA2ADA82BB009537A9 /* Products */ = {
			isa = PBXGroup;
			children = (
				CCF62CB92ADA82BB009537A9 /* recipies.app */,
				CCF62CC92ADA82CB009537A9 /* recipiesTests.xctest */,
				CCF62CD32ADA82CB009537A9 /* recipiesUITests.xctest */,
				CCF62CED2ADA8949009537A9 /* RecipieList.framework */,
				CCF62CF42ADA8949009537A9 /* RecipieListTests.xctest */,
				CC9D230E2F0A2D780039E3D4 /* RecipeUIKit.framework */,
			);
			name = Products;
			sourceTree = "<group>";
		};
		CCF62CBB2ADA82BB009537A9 /* recipies */ = {
			isa = PBXGroup;
			children = (
				CC5C8BFB2EFAA8B700D14CF1 /* Abstractions */,
				CCF62CBC2ADA82BB009537A9 /* recipiesApp.swift */,
				CCF62CBE2ADA82BB009537A9 /* ContentView.swift */,
				CCF62CC02ADA82CB009537A9 /* Assets.xcassets */,
				CCF62CC22ADA82CB009537A9 /* Preview Content */,
			);
			path = recipies;
			sourceTree = "<group>";
		};
		CCF62CC22ADA82CB009537A9 /* Preview Content */ = {
			isa = PBXGroup;
			children = (
				CCF62CC32ADA82CB009537A9 /* Preview Assets.xcassets */,
			);
			path = "Preview Content";
			sourceTree = "<group>";
		};
		CCF62CCC2ADA82CB009537A9 /* recipiesTests */ = {
			isa = PBXGroup;
			children = (
				CCF62CCD2ADA82CB009537A9 /* recipiesTests.swift */,
			);
			path = recipiesTests;
			sourceTree = "<group>";
		};
		CCF62CD62ADA82CB009537A9 /* recipiesUITests */ = {
			isa = PBXGroup;
			children = (
				CCF62CD72ADA82CB009537A9 /* recipiesUITests.swift */,
				CCF62CD92ADA82CB009537A9 /* recipiesUITestsLaunchTests.swift */,
			);
			path = recipiesUITests;
			sourceTree = "<group>";
		};
		CCF62CE62ADA8906009537A9 /* Features */ = {
			isa = PBXGroup;
			children = (
				CCF62CE72ADA890E009537A9 /* RecipeList */,
			);
			path = Features;
			sourceTree = "<group>";
		};
		CCF62CE72ADA890E009537A9 /* RecipeList */ = {
			isa = PBXGroup;
			children = (
				CC5C8BF42EFAA8B000D14CF1 /* UI */,
				CCF62D102ADAA9D7009537A9 /* Domain */,
				CCF62D092ADA895C009537A9 /* Services */,
				CCF62D0A2ADA896B009537A9 /* Tests */,
			);
			path = RecipeList;
			sourceTree = "<group>";
		};
		CCF62CEE2ADA8949009537A9 /* RecipieList */ = {
			isa = PBXGroup;
			children = (
				CCF62CEF2ADA8949009537A9 /* RecipieList.h */,
			);
			path = RecipieList;
			sourceTree = "<group>";
		};
		CCF62D092ADA895C009537A9 /* Services */ = {
			isa = PBXGroup;
			children = (
				CC71F5372AF8E7CA00A77856 /* DTO */,
				CC71F52C2AF8D26F00A77856 /* Cache */,
				CC71F51F2AF761BF00A77856 /* Storage */,
				CCF62D142ADAAA33009537A9 /* RecipieListFallbackLoader.swift */,
				CC71F5312AF8E3B300A77856 /* RecipeListRemoteLoader.swift */,
				CC71F53A2AF8E85000A77856 /* RecipieListLoader.swift */,
			);
			path = Services;
			sourceTree = "<group>";
		};
		CCF62D0A2ADA896B009537A9 /* Tests */ = {
			isa = PBXGroup;
			children = (
				CC9D23292F0A350F0039E3D4 /* UI */,
				CC9D23282F0A34F80039E3D4 /* Services */,
				CCF62D162ADAAA60009537A9 /* Helpers */,
			);
			path = Tests;
			sourceTree = "<group>";
		};
		CCF62D102ADAA9D7009537A9 /* Domain */ = {
			isa = PBXGroup;
			children = (
				CCF62D112ADAA9E3009537A9 /* RecipeListItem.swift */,
			);
			path = Domain;
			sourceTree = "<group>";
		};
		CCF62D162ADAAA60009537A9 /* Helpers */ = {
			isa = PBXGroup;
			children = (
				CCF62D172ADAAA76009537A9 /* NSError+Extensions.swift */,
				CCF62D1A2ADAAA9A009537A9 /* Date+Extensions.swift */,
				CCF62D1C2ADAAC2B009537A9 /* XCTestCase+Extensions.swift */,
				CCA610212AF7548A001D3F1C /* RecipeListItem+TestHelpers.swift */,
			);
			path = Helpers;
			sourceTree = "<group>";
		};
/* End PBXGroup section */

/* Begin PBXHeadersBuildPhase section */
		CC9D23092F0A2D780039E3D4 /* Headers */ = {
			isa = PBXHeadersBuildPhase;
			buildActionMask = 2147483647;
			files = (
			);
			runOnlyForDeploymentPostprocessing = 0;
		};
		CCF62CE82ADA8949009537A9 /* Headers */ = {
			isa = PBXHeadersBuildPhase;
			buildActionMask = 2147483647;
			files = (
				CCF62CFD2ADA8949009537A9 /* RecipieList.h in Headers */,
			);
			runOnlyForDeploymentPostprocessing = 0;
		};
/* End PBXHeadersBuildPhase section */

/* Begin PBXNativeTarget section */
		CC9D230D2F0A2D780039E3D4 /* RecipeUIKit */ = {
			isa = PBXNativeTarget;
			buildConfigurationList = CC9D23182F0A2D780039E3D4 /* Build configuration list for PBXNativeTarget "RecipeUIKit" */;
			buildPhases = (
				CC9D23092F0A2D780039E3D4 /* Headers */,
				CC9D230A2F0A2D780039E3D4 /* Sources */,
				CC9D230B2F0A2D780039E3D4 /* Frameworks */,
				CC9D230C2F0A2D780039E3D4 /* Resources */,
			);
			buildRules = (
			);
			dependencies = (
			);
			name = RecipeUIKit;
			packageProductDependencies = (
			);
			productName = RecipeUIKit;
			productReference = CC9D230E2F0A2D780039E3D4 /* RecipeUIKit.framework */;
			productType = "com.apple.product-type.framework";
		};
		CCF62CB82ADA82BB009537A9 /* recipies */ = {
			isa = PBXNativeTarget;
			buildConfigurationList = CCF62CDD2ADA82CB009537A9 /* Build configuration list for PBXNativeTarget "recipies" */;
			buildPhases = (
				CCF62CB52ADA82BB009537A9 /* Sources */,
				CCF62CB62ADA82BB009537A9 /* Frameworks */,
				CCF62CB72ADA82BB009537A9 /* Resources */,
				CCF62D052ADA8949009537A9 /* Embed Frameworks */,
			);
			buildRules = (
			);
			dependencies = (
				CCF62CFF2ADA8949009537A9 /* PBXTargetDependency */,
				CC9D23132F0A2D780039E3D4 /* PBXTargetDependency */,
			);
			name = recipies;
			productName = recipies;
			productReference = CCF62CB92ADA82BB009537A9 /* recipies.app */;
			productType = "com.apple.product-type.application";
		};
		CCF62CC82ADA82CB009537A9 /* recipiesTests */ = {
			isa = PBXNativeTarget;
			buildConfigurationList = CCF62CE02ADA82CB009537A9 /* Build configuration list for PBXNativeTarget "recipiesTests" */;
			buildPhases = (
				CCF62CC52ADA82CB009537A9 /* Sources */,
				CCF62CC62ADA82CB009537A9 /* Frameworks */,
				CCF62CC72ADA82CB009537A9 /* Resources */,
			);
			buildRules = (
			);
			dependencies = (
				CCF62CCB2ADA82CB009537A9 /* PBXTargetDependency */,
			);
			name = recipiesTests;
			productName = recipiesTests;
			productReference = CCF62CC92ADA82CB009537A9 /* recipiesTests.xctest */;
			productType = "com.apple.product-type.bundle.unit-test";
		};
		CCF62CD22ADA82CB009537A9 /* recipiesUITests */ = {
			isa = PBXNativeTarget;
			buildConfigurationList = CCF62CE32ADA82CB009537A9 /* Build configuration list for PBXNativeTarget "recipiesUITests" */;
			buildPhases = (
				CCF62CCF2ADA82CB009537A9 /* Sources */,
				CCF62CD02ADA82CB009537A9 /* Frameworks */,
				CCF62CD12ADA82CB009537A9 /* Resources */,
			);
			buildRules = (
			);
			dependencies = (
				CCF62CD52ADA82CB009537A9 /* PBXTargetDependency */,
			);
			name = recipiesUITests;
			productName = recipiesUITests;
			productReference = CCF62CD32ADA82CB009537A9 /* recipiesUITests.xctest */;
			productType = "com.apple.product-type.bundle.ui-testing";
		};
		CCF62CEC2ADA8949009537A9 /* RecipieList */ = {
			isa = PBXNativeTarget;
			buildConfigurationList = CCF62D022ADA8949009537A9 /* Build configuration list for PBXNativeTarget "RecipieList" */;
			buildPhases = (
				CCF62CE82ADA8949009537A9 /* Headers */,
				CCF62CE92ADA8949009537A9 /* Sources */,
				CCF62CEA2ADA8949009537A9 /* Frameworks */,
				CCF62CEB2ADA8949009537A9 /* Resources */,
			);
			buildRules = (
			);
			dependencies = (
				CC9D23242F0A2DD60039E3D4 /* PBXTargetDependency */,
			);
			name = RecipieList;
			productName = RecipieList;
			productReference = CCF62CED2ADA8949009537A9 /* RecipieList.framework */;
			productType = "com.apple.product-type.framework";
		};
		CCF62CF32ADA8949009537A9 /* RecipieListTests */ = {
			isa = PBXNativeTarget;
			buildConfigurationList = CCF62D062ADA8949009537A9 /* Build configuration list for PBXNativeTarget "RecipieListTests" */;
			buildPhases = (
				CCF62CF02ADA8949009537A9 /* Sources */,
				CCF62CF12ADA8949009537A9 /* Frameworks */,
				CCF62CF22ADA8949009537A9 /* Resources */,
			);
			buildRules = (
			);
			dependencies = (
				CCF62CF72ADA8949009537A9 /* PBXTargetDependency */,
				CCF62CF92ADA8949009537A9 /* PBXTargetDependency */,
			);
			name = RecipieListTests;
			productName = RecipieListTests;
			productReference = CCF62CF42ADA8949009537A9 /* RecipieListTests.xctest */;
			productType = "com.apple.product-type.bundle.unit-test";
		};
/* End PBXNativeTarget section */

/* Begin PBXProject section */
		CCF62CB12ADA82BB009537A9 /* Project object */ = {
			isa = PBXProject;
			attributes = {
				BuildIndependentTargetsInParallel = 1;
				LastSwiftUpdateCheck = 2600;
				LastUpgradeCheck = 1430;
				TargetAttributes = {
					CC9D230D2F0A2D780039E3D4 = {
						CreatedOnToolsVersion = 26.0.1;
					};
					CCF62CB82ADA82BB009537A9 = {
						CreatedOnToolsVersion = 14.3.1;
					};
					CCF62CC82ADA82CB009537A9 = {
						CreatedOnToolsVersion = 14.3.1;
						TestTargetID = CCF62CB82ADA82BB009537A9;
					};
					CCF62CD22ADA82CB009537A9 = {
						CreatedOnToolsVersion = 14.3.1;
						TestTargetID = CCF62CB82ADA82BB009537A9;
					};
					CCF62CEC2ADA8949009537A9 = {
						CreatedOnToolsVersion = 14.3.1;
					};
					CCF62CF32ADA8949009537A9 = {
						CreatedOnToolsVersion = 14.3.1;
					};
				};
			};
			buildConfigurationList = CCF62CB42ADA82BB009537A9 /* Build configuration list for PBXProject "recipies" */;
			compatibilityVersion = "Xcode 14.0";
			developmentRegion = en;
			hasScannedForEncodings = 0;
			knownRegions = (
				en,
				Base,
			);
			mainGroup = CCF62CB02ADA82BB009537A9;
			packageReferences = (
				CC5C8BD92EFA8EF500D14CF1 /* XCRemoteSwiftPackageReference "swift-snapshot-testing" */,
			);
			productRefGroup = CCF62CBA2ADA82BB009537A9 /* Products */;
			projectDirPath = "";
			projectRoot = "";
			targets = (
				CCF62CB82ADA82BB009537A9 /* recipies */,
				CCF62CC82ADA82CB009537A9 /* recipiesTests */,
				CCF62CD22ADA82CB009537A9 /* recipiesUITests */,
				CCF62CEC2ADA8949009537A9 /* RecipieList */,
				CCF62CF32ADA8949009537A9 /* RecipieListTests */,
				CC9D230D2F0A2D780039E3D4 /* RecipeUIKit */,
			);
		};
/* End PBXProject section */

/* Begin PBXResourcesBuildPhase section */
		CC9D230C2F0A2D780039E3D4 /* Resources */ = {
			isa = PBXResourcesBuildPhase;
			buildActionMask = 2147483647;
			files = (
				CC9D231F2F0A2D7E0039E3D4 /* Assets.xcassets in Resources */,
			);
			runOnlyForDeploymentPostprocessing = 0;
		};
		CCF62CB72ADA82BB009537A9 /* Resources */ = {
			isa = PBXResourcesBuildPhase;
			buildActionMask = 2147483647;
			files = (
				CCF62CC42ADA82CB009537A9 /* Preview Assets.xcassets in Resources */,
				CCF62CC12ADA82CB009537A9 /* Assets.xcassets in Resources */,
			);
			runOnlyForDeploymentPostprocessing = 0;
		};
		CCF62CC72ADA82CB009537A9 /* Resources */ = {
			isa = PBXResourcesBuildPhase;
			buildActionMask = 2147483647;
			files = (
			);
			runOnlyForDeploymentPostprocessing = 0;
		};
		CCF62CD12ADA82CB009537A9 /* Resources */ = {
			isa = PBXResourcesBuildPhase;
			buildActionMask = 2147483647;
			files = (
			);
			runOnlyForDeploymentPostprocessing = 0;
		};
		CCF62CEB2ADA8949009537A9 /* Resources */ = {
			isa = PBXResourcesBuildPhase;
			buildActionMask = 2147483647;
			files = (
			);
			runOnlyForDeploymentPostprocessing = 0;
		};
		CCF62CF22ADA8949009537A9 /* Resources */ = {
			isa = PBXResourcesBuildPhase;
			buildActionMask = 2147483647;
			files = (
			);
			runOnlyForDeploymentPostprocessing = 0;
		};
/* End PBXResourcesBuildPhase section */

/* Begin PBXSourcesBuildPhase section */
		CC9D230A2F0A2D780039E3D4 /* Sources */ = {
			isa = PBXSourcesBuildPhase;
			buildActionMask = 2147483647;
			files = (
				CC9D231E2F0A2D7E0039E3D4 /* RecipeUIKit.swift in Sources */,
				CC9D23272F0A33FD0039E3D4 /* UIImage+Extensions.swift in Sources */,
			);
			runOnlyForDeploymentPostprocessing = 0;
		};
		CCF62CB52ADA82BB009537A9 /* Sources */ = {
			isa = PBXSourcesBuildPhase;
			buildActionMask = 2147483647;
			files = (
				CCF62CBF2ADA82BB009537A9 /* ContentView.swift in Sources */,
				CCF62CBD2ADA82BB009537A9 /* recipiesApp.swift in Sources */,
			);
			runOnlyForDeploymentPostprocessing = 0;
		};
		CCF62CC52ADA82CB009537A9 /* Sources */ = {
			isa = PBXSourcesBuildPhase;
			buildActionMask = 2147483647;
			files = (
				CCF62CCE2ADA82CB009537A9 /* recipiesTests.swift in Sources */,
			);
			runOnlyForDeploymentPostprocessing = 0;
		};
		CCF62CCF2ADA82CB009537A9 /* Sources */ = {
			isa = PBXSourcesBuildPhase;
			buildActionMask = 2147483647;
			files = (
				CCF62CDA2ADA82CB009537A9 /* recipiesUITestsLaunchTests.swift in Sources */,
				CCF62CD82ADA82CB009537A9 /* recipiesUITests.swift in Sources */,
			);
			runOnlyForDeploymentPostprocessing = 0;
		};
		CCF62CE92ADA8949009537A9 /* Sources */ = {
			isa = PBXSourcesBuildPhase;
			buildActionMask = 2147483647;
			files = (
				CC71F5302AF8D31600A77856 /* RecipieListExpirationPolicy.swift in Sources */,
				CC71F5232AF761E800A77856 /* InMemoryStorage.swift in Sources */,
				CC71F5342AF8E51000A77856 /* RecipieListCacheAsync.swift in Sources */,
				CC5C8BF82EFAA8B000D14CF1 /* CookingTimeView.swift in Sources */,
				CC5C8BF92EFAA8B000D14CF1 /* RatingView.swift in Sources */,
				CC5C8BFA2EFAA8B000D14CF1 /* RecipeListRow.swift in Sources */,
				CC5C8C042EFAAA9F00D14CF1 /* RecipeListImage.swift in Sources */,
				CCF62D132ADAAA0C009537A9 /* RecipeListItem.swift in Sources */,
				CC71F52E2AF8D27E00A77856 /* RecipieListCache.swift in Sources */,
				CC71F5212AF761CD00A77856 /* SyncStorage.swift in Sources */,
				CC71F53B2AF8E85000A77856 /* RecipieListLoader.swift in Sources */,
				CCF62D152ADAAA33009537A9 /* RecipieListFallbackLoader.swift in Sources */,
				CC71F5322AF8E3B300A77856 /* RecipeListRemoteLoader.swift in Sources */,
				CC71F5392AF8E7DE00A77856 /* RecipeListDTOLoader.swift in Sources */,
				CCF62D0D2ADA89B3009537A9 /* RecipeItemDTO.swift in Sources */,
			);
			runOnlyForDeploymentPostprocessing = 0;
		};
		CCF62CF02ADA8949009537A9 /* Sources */ = {
			isa = PBXSourcesBuildPhase;
			buildActionMask = 2147483647;
			files = (
				CCF62D1D2ADAAC2B009537A9 /* XCTestCase+Extensions.swift in Sources */,
				CC5C8BDD2EFA8F3800D14CF1 /* RecipeListRowTests.swift in Sources */,
				CCF62D0F2ADA8C0A009537A9 /* RecipieListTests.swift in Sources */,
				CCF62D192ADAAA7A009537A9 /* NSError+Extensions.swift in Sources */,
				CCF62D1B2ADAAA9A009537A9 /* Date+Extensions.swift in Sources */,
				CC71F52B2AF8CE4400A77856 /* RecipieListExpirationPolicyTests.swift in Sources */,
				CC71F5262AF762DE00A77856 /* RecipieListCacheTests.swift in Sources */,
				CCA610222AF7548A001D3F1C /* RecipeListItem+TestHelpers.swift in Sources */,
				CCA610202AF74A0A001D3F1C /* InMemoryStorageTests.swift in Sources */,
				CC5C8BF52EFAA8B000D14CF1 /* CookingTimeView.swift in Sources */,
				CC5C8BF62EFAA8B000D14CF1 /* RatingView.swift in Sources */,
				CC5C8BF72EFAA8B000D14CF1 /* RecipeListRow.swift in Sources */,
				CC5C8C032EFAAA9F00D14CF1 /* RecipeListImage.swift in Sources */,
			);
			runOnlyForDeploymentPostprocessing = 0;
		};
/* End PBXSourcesBuildPhase section */

/* Begin PBXTargetDependency section */
		CC9D23132F0A2D780039E3D4 /* PBXTargetDependency */ = {
			isa = PBXTargetDependency;
			target = CC9D230D2F0A2D780039E3D4 /* RecipeUIKit */;
			targetProxy = CC9D23122F0A2D780039E3D4 /* PBXContainerItemProxy */;
		};
		CC9D23242F0A2DD60039E3D4 /* PBXTargetDependency */ = {
			isa = PBXTargetDependency;
			target = CC9D230D2F0A2D780039E3D4 /* RecipeUIKit */;
			targetProxy = CC9D23232F0A2DD60039E3D4 /* PBXContainerItemProxy */;
		};
		CCF62CCB2ADA82CB009537A9 /* PBXTargetDependency */ = {
			isa = PBXTargetDependency;
			target = CCF62CB82ADA82BB009537A9 /* recipies */;
			targetProxy = CCF62CCA2ADA82CB009537A9 /* PBXContainerItemProxy */;
		};
		CCF62CD52ADA82CB009537A9 /* PBXTargetDependency */ = {
			isa = PBXTargetDependency;
			target = CCF62CB82ADA82BB009537A9 /* recipies */;
			targetProxy = CCF62CD42ADA82CB009537A9 /* PBXContainerItemProxy */;
		};
		CCF62CF72ADA8949009537A9 /* PBXTargetDependency */ = {
			isa = PBXTargetDependency;
			target = CCF62CEC2ADA8949009537A9 /* RecipieList */;
			targetProxy = CCF62CF62ADA8949009537A9 /* PBXContainerItemProxy */;
		};
		CCF62CF92ADA8949009537A9 /* PBXTargetDependency */ = {
			isa = PBXTargetDependency;
			target = CCF62CB82ADA82BB009537A9 /* recipies */;
			targetProxy = CCF62CF82ADA8949009537A9 /* PBXContainerItemProxy */;
		};
		CCF62CFF2ADA8949009537A9 /* PBXTargetDependency */ = {
			isa = PBXTargetDependency;
			target = CCF62CEC2ADA8949009537A9 /* RecipieList */;
			targetProxy = CCF62CFE2ADA8949009537A9 /* PBXContainerItemProxy */;
		};
/* End PBXTargetDependency section */

/* Begin XCBuildConfiguration section */
		CC9D23162F0A2D780039E3D4 /* Debug */ = {
			isa = XCBuildConfiguration;
			buildSettings = {
				ASSETCATALOG_COMPILER_GENERATE_SWIFT_ASSET_SYMBOL_EXTENSIONS = YES;
				BUILD_LIBRARY_FOR_DISTRIBUTION = YES;
				CODE_SIGN_STYLE = Automatic;
				CURRENT_PROJECT_VERSION = 1;
				DEVELOPMENT_TEAM = B83T7LK9W3;
				DYLIB_COMPATIBILITY_VERSION = 1;
				DYLIB_CURRENT_VERSION = 1;
				DYLIB_INSTALL_NAME_BASE = "@rpath";
				ENABLE_MODULE_VERIFIER = YES;
				ENABLE_USER_SCRIPT_SANDBOXING = YES;
				GCC_C_LANGUAGE_STANDARD = gnu17;
				GENERATE_INFOPLIST_FILE = YES;
				INFOPLIST_KEY_NSHumanReadableCopyright = "";
				INSTALL_PATH = "$(LOCAL_LIBRARY_DIR)/Frameworks";
				IPHONEOS_DEPLOYMENT_TARGET = 26.0;
				LD_RUNPATH_SEARCH_PATHS = (
					"$(inherited)",
					"@executable_path/Frameworks",
					"@loader_path/Frameworks",
				);
				LOCALIZATION_PREFERS_STRING_CATALOGS = YES;
				MARKETING_VERSION = 1.0;
				MODULE_VERIFIER_SUPPORTED_LANGUAGES = "objective-c objective-c++";
				MODULE_VERIFIER_SUPPORTED_LANGUAGE_STANDARDS = "gnu17 gnu++20";
				PRODUCT_BUNDLE_IDENTIFIER = com.aniramskaya.edu.RecipeUIKit;
				PRODUCT_NAME = "$(TARGET_NAME:c99extidentifier)";
				SKIP_INSTALL = YES;
				STRING_CATALOG_GENERATE_SYMBOLS = YES;
				SWIFT_ACTIVE_COMPILATION_CONDITIONS = "DEBUG $(inherited)";
				SWIFT_APPROACHABLE_CONCURRENCY = YES;
				SWIFT_EMIT_LOC_STRINGS = YES;
				SWIFT_INSTALL_MODULE = YES;
				SWIFT_INSTALL_OBJC_HEADER = NO;
				SWIFT_UPCOMING_FEATURE_MEMBER_IMPORT_VISIBILITY = YES;
				SWIFT_VERSION = 5.0;
				TARGETED_DEVICE_FAMILY = "1,2";
				VERSIONING_SYSTEM = "apple-generic";
				VERSION_INFO_PREFIX = "";
			};
			name = Debug;
		};
		CC9D23172F0A2D780039E3D4 /* Release */ = {
			isa = XCBuildConfiguration;
			buildSettings = {
				ASSETCATALOG_COMPILER_GENERATE_SWIFT_ASSET_SYMBOL_EXTENSIONS = YES;
				BUILD_LIBRARY_FOR_DISTRIBUTION = YES;
				CODE_SIGN_STYLE = Automatic;
				CURRENT_PROJECT_VERSION = 1;
				DEVELOPMENT_TEAM = B83T7LK9W3;
				DYLIB_COMPATIBILITY_VERSION = 1;
				DYLIB_CURRENT_VERSION = 1;
				DYLIB_INSTALL_NAME_BASE = "@rpath";
				ENABLE_MODULE_VERIFIER = YES;
				ENABLE_USER_SCRIPT_SANDBOXING = YES;
				GCC_C_LANGUAGE_STANDARD = gnu17;
				GENERATE_INFOPLIST_FILE = YES;
				INFOPLIST_KEY_NSHumanReadableCopyright = "";
				INSTALL_PATH = "$(LOCAL_LIBRARY_DIR)/Frameworks";
				IPHONEOS_DEPLOYMENT_TARGET = 26.0;
				LD_RUNPATH_SEARCH_PATHS = (
					"$(inherited)",
					"@executable_path/Frameworks",
					"@loader_path/Frameworks",
				);
				LOCALIZATION_PREFERS_STRING_CATALOGS = YES;
				MARKETING_VERSION = 1.0;
				MODULE_VERIFIER_SUPPORTED_LANGUAGES = "objective-c objective-c++";
				MODULE_VERIFIER_SUPPORTED_LANGUAGE_STANDARDS = "gnu17 gnu++20";
				PRODUCT_BUNDLE_IDENTIFIER = com.aniramskaya.edu.RecipeUIKit;
				PRODUCT_NAME = "$(TARGET_NAME:c99extidentifier)";
				SKIP_INSTALL = YES;
				STRING_CATALOG_GENERATE_SYMBOLS = YES;
				SWIFT_APPROACHABLE_CONCURRENCY = YES;
				SWIFT_EMIT_LOC_STRINGS = YES;
				SWIFT_INSTALL_MODULE = YES;
				SWIFT_INSTALL_OBJC_HEADER = NO;
				SWIFT_UPCOMING_FEATURE_MEMBER_IMPORT_VISIBILITY = YES;
				SWIFT_VERSION = 5.0;
				TARGETED_DEVICE_FAMILY = "1,2";
				VERSIONING_SYSTEM = "apple-generic";
				VERSION_INFO_PREFIX = "";
			};
			name = Release;
		};
		CCF62CDB2ADA82CB009537A9 /* Debug */ = {
			isa = XCBuildConfiguration;
			buildSettings = {
				ALWAYS_SEARCH_USER_PATHS = NO;
				CLANG_ANALYZER_NONNULL = YES;
				CLANG_ANALYZER_NUMBER_OBJECT_CONVERSION = YES_AGGRESSIVE;
				CLANG_CXX_LANGUAGE_STANDARD = "gnu++20";
				CLANG_ENABLE_MODULES = YES;
				CLANG_ENABLE_OBJC_ARC = YES;
				CLANG_ENABLE_OBJC_WEAK = YES;
				CLANG_WARN_BLOCK_CAPTURE_AUTORELEASING = YES;
				CLANG_WARN_BOOL_CONVERSION = YES;
				CLANG_WARN_COMMA = YES;
				CLANG_WARN_CONSTANT_CONVERSION = YES;
				CLANG_WARN_DEPRECATED_OBJC_IMPLEMENTATIONS = YES;
				CLANG_WARN_DIRECT_OBJC_ISA_USAGE = YES_ERROR;
				CLANG_WARN_DOCUMENTATION_COMMENTS = YES;
				CLANG_WARN_EMPTY_BODY = YES;
				CLANG_WARN_ENUM_CONVERSION = YES;
				CLANG_WARN_INFINITE_RECURSION = YES;
				CLANG_WARN_INT_CONVERSION = YES;
				CLANG_WARN_NON_LITERAL_NULL_CONVERSION = YES;
				CLANG_WARN_OBJC_IMPLICIT_RETAIN_SELF = YES;
				CLANG_WARN_OBJC_LITERAL_CONVERSION = YES;
				CLANG_WARN_OBJC_ROOT_CLASS = YES_ERROR;
				CLANG_WARN_QUOTED_INCLUDE_IN_FRAMEWORK_HEADER = YES;
				CLANG_WARN_RANGE_LOOP_ANALYSIS = YES;
				CLANG_WARN_STRICT_PROTOTYPES = YES;
				CLANG_WARN_SUSPICIOUS_MOVE = YES;
				CLANG_WARN_UNGUARDED_AVAILABILITY = YES_AGGRESSIVE;
				CLANG_WARN_UNREACHABLE_CODE = YES;
				CLANG_WARN__DUPLICATE_METHOD_MATCH = YES;
				COPY_PHASE_STRIP = NO;
				DEBUG_INFORMATION_FORMAT = dwarf;
				ENABLE_STRICT_OBJC_MSGSEND = YES;
				ENABLE_TESTABILITY = YES;
				GCC_C_LANGUAGE_STANDARD = gnu11;
				GCC_DYNAMIC_NO_PIC = NO;
				GCC_NO_COMMON_BLOCKS = YES;
				GCC_OPTIMIZATION_LEVEL = 0;
				GCC_PREPROCESSOR_DEFINITIONS = (
					"DEBUG=1",
					"$(inherited)",
				);
				GCC_WARN_64_TO_32_BIT_CONVERSION = YES;
				GCC_WARN_ABOUT_RETURN_TYPE = YES_ERROR;
				GCC_WARN_UNDECLARED_SELECTOR = YES;
				GCC_WARN_UNINITIALIZED_AUTOS = YES_AGGRESSIVE;
				GCC_WARN_UNUSED_FUNCTION = YES;
				GCC_WARN_UNUSED_VARIABLE = YES;
				IPHONEOS_DEPLOYMENT_TARGET = 16.4;
				MTL_ENABLE_DEBUG_INFO = INCLUDE_SOURCE;
				MTL_FAST_MATH = YES;
				ONLY_ACTIVE_ARCH = YES;
				SDKROOT = iphoneos;
				SWIFT_ACTIVE_COMPILATION_CONDITIONS = DEBUG;
				SWIFT_OPTIMIZATION_LEVEL = "-Onone";
			};
			name = Debug;
		};
		CCF62CDC2ADA82CB009537A9 /* Release */ = {
			isa = XCBuildConfiguration;
			buildSettings = {
				ALWAYS_SEARCH_USER_PATHS = NO;
				CLANG_ANALYZER_NONNULL = YES;
				CLANG_ANALYZER_NUMBER_OBJECT_CONVERSION = YES_AGGRESSIVE;
				CLANG_CXX_LANGUAGE_STANDARD = "gnu++20";
				CLANG_ENABLE_MODULES = YES;
				CLANG_ENABLE_OBJC_ARC = YES;
				CLANG_ENABLE_OBJC_WEAK = YES;
				CLANG_WARN_BLOCK_CAPTURE_AUTORELEASING = YES;
				CLANG_WARN_BOOL_CONVERSION = YES;
				CLANG_WARN_COMMA = YES;
				CLANG_WARN_CONSTANT_CONVERSION = YES;
				CLANG_WARN_DEPRECATED_OBJC_IMPLEMENTATIONS = YES;
				CLANG_WARN_DIRECT_OBJC_ISA_USAGE = YES_ERROR;
				CLANG_WARN_DOCUMENTATION_COMMENTS = YES;
				CLANG_WARN_EMPTY_BODY = YES;
				CLANG_WARN_ENUM_CONVERSION = YES;
				CLANG_WARN_INFINITE_RECURSION = YES;
				CLANG_WARN_INT_CONVERSION = YES;
				CLANG_WARN_NON_LITERAL_NULL_CONVERSION = YES;
				CLANG_WARN_OBJC_IMPLICIT_RETAIN_SELF = YES;
				CLANG_WARN_OBJC_LITERAL_CONVERSION = YES;
				CLANG_WARN_OBJC_ROOT_CLASS = YES_ERROR;
				CLANG_WARN_QUOTED_INCLUDE_IN_FRAMEWORK_HEADER = YES;
				CLANG_WARN_RANGE_LOOP_ANALYSIS = YES;
				CLANG_WARN_STRICT_PROTOTYPES = YES;
				CLANG_WARN_SUSPICIOUS_MOVE = YES;
				CLANG_WARN_UNGUARDED_AVAILABILITY = YES_AGGRESSIVE;
				CLANG_WARN_UNREACHABLE_CODE = YES;
				CLANG_WARN__DUPLICATE_METHOD_MATCH = YES;
				COPY_PHASE_STRIP = NO;
				DEBUG_INFORMATION_FORMAT = "dwarf-with-dsym";
				ENABLE_NS_ASSERTIONS = NO;
				ENABLE_STRICT_OBJC_MSGSEND = YES;
				GCC_C_LANGUAGE_STANDARD = gnu11;
				GCC_NO_COMMON_BLOCKS = YES;
				GCC_WARN_64_TO_32_BIT_CONVERSION = YES;
				GCC_WARN_ABOUT_RETURN_TYPE = YES_ERROR;
				GCC_WARN_UNDECLARED_SELECTOR = YES;
				GCC_WARN_UNINITIALIZED_AUTOS = YES_AGGRESSIVE;
				GCC_WARN_UNUSED_FUNCTION = YES;
				GCC_WARN_UNUSED_VARIABLE = YES;
				IPHONEOS_DEPLOYMENT_TARGET = 16.4;
				MTL_ENABLE_DEBUG_INFO = NO;
				MTL_FAST_MATH = YES;
				SDKROOT = iphoneos;
				SWIFT_COMPILATION_MODE = wholemodule;
				SWIFT_OPTIMIZATION_LEVEL = "-O";
				VALIDATE_PRODUCT = YES;
			};
			name = Release;
		};
		CCF62CDE2ADA82CB009537A9 /* Debug */ = {
			isa = XCBuildConfiguration;
			buildSettings = {
				ASSETCATALOG_COMPILER_APPICON_NAME = AppIcon;
				ASSETCATALOG_COMPILER_GLOBAL_ACCENT_COLOR_NAME = AccentColor;
				CODE_SIGN_STYLE = Automatic;
				CURRENT_PROJECT_VERSION = 1;
				DEVELOPMENT_ASSET_PATHS = "\"recipies/Preview Content\"";
				DEVELOPMENT_TEAM = B83T7LK9W3;
				ENABLE_PREVIEWS = YES;
				GENERATE_INFOPLIST_FILE = YES;
				INFOPLIST_KEY_UIApplicationSceneManifest_Generation = YES;
				INFOPLIST_KEY_UIApplicationSupportsIndirectInputEvents = YES;
				INFOPLIST_KEY_UILaunchScreen_Generation = YES;
				INFOPLIST_KEY_UISupportedInterfaceOrientations_iPad = "UIInterfaceOrientationPortrait UIInterfaceOrientationPortraitUpsideDown UIInterfaceOrientationLandscapeLeft UIInterfaceOrientationLandscapeRight";
				INFOPLIST_KEY_UISupportedInterfaceOrientations_iPhone = "UIInterfaceOrientationPortrait UIInterfaceOrientationLandscapeLeft UIInterfaceOrientationLandscapeRight";
				LD_RUNPATH_SEARCH_PATHS = (
					"$(inherited)",
					"@executable_path/Frameworks",
				);
				MARKETING_VERSION = 1.0;
				PRODUCT_BUNDLE_IDENTIFIER = com.aniramskaya.edu.recipies;
				PRODUCT_NAME = "$(TARGET_NAME)";
				SWIFT_EMIT_LOC_STRINGS = YES;
				SWIFT_VERSION = 5.0;
				TARGETED_DEVICE_FAMILY = "1,2";
			};
			name = Debug;
		};
		CCF62CDF2ADA82CB009537A9 /* Release */ = {
			isa = XCBuildConfiguration;
			buildSettings = {
				ASSETCATALOG_COMPILER_APPICON_NAME = AppIcon;
				ASSETCATALOG_COMPILER_GLOBAL_ACCENT_COLOR_NAME = AccentColor;
				CODE_SIGN_STYLE = Automatic;
				CURRENT_PROJECT_VERSION = 1;
				DEVELOPMENT_ASSET_PATHS = "\"recipies/Preview Content\"";
				DEVELOPMENT_TEAM = B83T7LK9W3;
				ENABLE_PREVIEWS = YES;
				GENERATE_INFOPLIST_FILE = YES;
				INFOPLIST_KEY_UIApplicationSceneManifest_Generation = YES;
				INFOPLIST_KEY_UIApplicationSupportsIndirectInputEvents = YES;
				INFOPLIST_KEY_UILaunchScreen_Generation = YES;
				INFOPLIST_KEY_UISupportedInterfaceOrientations_iPad = "UIInterfaceOrientationPortrait UIInterfaceOrientationPortraitUpsideDown UIInterfaceOrientationLandscapeLeft UIInterfaceOrientationLandscapeRight";
				INFOPLIST_KEY_UISupportedInterfaceOrientations_iPhone = "UIInterfaceOrientationPortrait UIInterfaceOrientationLandscapeLeft UIInterfaceOrientationLandscapeRight";
				LD_RUNPATH_SEARCH_PATHS = (
					"$(inherited)",
					"@executable_path/Frameworks",
				);
				MARKETING_VERSION = 1.0;
				PRODUCT_BUNDLE_IDENTIFIER = com.aniramskaya.edu.recipies;
				PRODUCT_NAME = "$(TARGET_NAME)";
				SWIFT_EMIT_LOC_STRINGS = YES;
				SWIFT_VERSION = 5.0;
				TARGETED_DEVICE_FAMILY = "1,2";
			};
			name = Release;
		};
		CCF62CE12ADA82CB009537A9 /* Debug */ = {
			isa = XCBuildConfiguration;
			buildSettings = {
				BUNDLE_LOADER = "$(TEST_HOST)";
				CODE_SIGN_STYLE = Automatic;
				CURRENT_PROJECT_VERSION = 1;
				DEVELOPMENT_TEAM = B83T7LK9W3;
				GENERATE_INFOPLIST_FILE = YES;
				IPHONEOS_DEPLOYMENT_TARGET = 16.4;
				MARKETING_VERSION = 1.0;
				PRODUCT_BUNDLE_IDENTIFIER = com.aniramskaya.edu.recipiesTests;
				PRODUCT_NAME = "$(TARGET_NAME)";
				SWIFT_EMIT_LOC_STRINGS = NO;
				SWIFT_VERSION = 5.0;
				TARGETED_DEVICE_FAMILY = "1,2";
				TEST_HOST = "$(BUILT_PRODUCTS_DIR)/recipies.app/$(BUNDLE_EXECUTABLE_FOLDER_PATH)/recipies";
			};
			name = Debug;
		};
		CCF62CE22ADA82CB009537A9 /* Release */ = {
			isa = XCBuildConfiguration;
			buildSettings = {
				BUNDLE_LOADER = "$(TEST_HOST)";
				CODE_SIGN_STYLE = Automatic;
				CURRENT_PROJECT_VERSION = 1;
				DEVELOPMENT_TEAM = B83T7LK9W3;
				GENERATE_INFOPLIST_FILE = YES;
				IPHONEOS_DEPLOYMENT_TARGET = 16.4;
				MARKETING_VERSION = 1.0;
				PRODUCT_BUNDLE_IDENTIFIER = com.aniramskaya.edu.recipiesTests;
				PRODUCT_NAME = "$(TARGET_NAME)";
				SWIFT_EMIT_LOC_STRINGS = NO;
				SWIFT_VERSION = 5.0;
				TARGETED_DEVICE_FAMILY = "1,2";
				TEST_HOST = "$(BUILT_PRODUCTS_DIR)/recipies.app/$(BUNDLE_EXECUTABLE_FOLDER_PATH)/recipies";
			};
			name = Release;
		};
		CCF62CE42ADA82CB009537A9 /* Debug */ = {
			isa = XCBuildConfiguration;
			buildSettings = {
				CODE_SIGN_STYLE = Automatic;
				CURRENT_PROJECT_VERSION = 1;
				DEVELOPMENT_TEAM = B83T7LK9W3;
				GENERATE_INFOPLIST_FILE = YES;
				MARKETING_VERSION = 1.0;
				PRODUCT_BUNDLE_IDENTIFIER = com.aniramskaya.edu.recipiesUITests;
				PRODUCT_NAME = "$(TARGET_NAME)";
				SWIFT_EMIT_LOC_STRINGS = NO;
				SWIFT_VERSION = 5.0;
				TARGETED_DEVICE_FAMILY = "1,2";
				TEST_TARGET_NAME = recipies;
			};
			name = Debug;
		};
		CCF62CE52ADA82CB009537A9 /* Release */ = {
			isa = XCBuildConfiguration;
			buildSettings = {
				CODE_SIGN_STYLE = Automatic;
				CURRENT_PROJECT_VERSION = 1;
				DEVELOPMENT_TEAM = B83T7LK9W3;
				GENERATE_INFOPLIST_FILE = YES;
				MARKETING_VERSION = 1.0;
				PRODUCT_BUNDLE_IDENTIFIER = com.aniramskaya.edu.recipiesUITests;
				PRODUCT_NAME = "$(TARGET_NAME)";
				SWIFT_EMIT_LOC_STRINGS = NO;
				SWIFT_VERSION = 5.0;
				TARGETED_DEVICE_FAMILY = "1,2";
				TEST_TARGET_NAME = recipies;
			};
			name = Release;
		};
		CCF62D032ADA8949009537A9 /* Debug */ = {
			isa = XCBuildConfiguration;
			buildSettings = {
				CODE_SIGN_STYLE = Automatic;
				CURRENT_PROJECT_VERSION = 1;
				DEFINES_MODULE = YES;
				DEVELOPMENT_TEAM = B83T7LK9W3;
				DYLIB_COMPATIBILITY_VERSION = 1;
				DYLIB_CURRENT_VERSION = 1;
				DYLIB_INSTALL_NAME_BASE = "@rpath";
				ENABLE_MODULE_VERIFIER = YES;
				GENERATE_INFOPLIST_FILE = YES;
				INFOPLIST_KEY_NSHumanReadableCopyright = "";
				INSTALL_PATH = "$(LOCAL_LIBRARY_DIR)/Frameworks";
				LD_RUNPATH_SEARCH_PATHS = (
					"$(inherited)",
					"@executable_path/Frameworks",
					"@loader_path/Frameworks",
				);
				MARKETING_VERSION = 1.0;
				MODULE_VERIFIER_SUPPORTED_LANGUAGES = "objective-c objective-c++";
				MODULE_VERIFIER_SUPPORTED_LANGUAGE_STANDARDS = "gnu11 gnu++20";
				PRODUCT_BUNDLE_IDENTIFIER = com.aniramskaya.edu.RecipieList;
				PRODUCT_NAME = "$(TARGET_NAME:c99extidentifier)";
				SKIP_INSTALL = YES;
				SWIFT_EMIT_LOC_STRINGS = YES;
				SWIFT_VERSION = 5.0;
				TARGETED_DEVICE_FAMILY = "1,2";
				VERSIONING_SYSTEM = "apple-generic";
				VERSION_INFO_PREFIX = "";
			};
			name = Debug;
		};
		CCF62D042ADA8949009537A9 /* Release */ = {
			isa = XCBuildConfiguration;
			buildSettings = {
				CODE_SIGN_STYLE = Automatic;
				CURRENT_PROJECT_VERSION = 1;
				DEFINES_MODULE = YES;
				DEVELOPMENT_TEAM = B83T7LK9W3;
				DYLIB_COMPATIBILITY_VERSION = 1;
				DYLIB_CURRENT_VERSION = 1;
				DYLIB_INSTALL_NAME_BASE = "@rpath";
				ENABLE_MODULE_VERIFIER = YES;
				GENERATE_INFOPLIST_FILE = YES;
				INFOPLIST_KEY_NSHumanReadableCopyright = "";
				INSTALL_PATH = "$(LOCAL_LIBRARY_DIR)/Frameworks";
				LD_RUNPATH_SEARCH_PATHS = (
					"$(inherited)",
					"@executable_path/Frameworks",
					"@loader_path/Frameworks",
				);
				MARKETING_VERSION = 1.0;
				MODULE_VERIFIER_SUPPORTED_LANGUAGES = "objective-c objective-c++";
				MODULE_VERIFIER_SUPPORTED_LANGUAGE_STANDARDS = "gnu11 gnu++20";
				PRODUCT_BUNDLE_IDENTIFIER = com.aniramskaya.edu.RecipieList;
				PRODUCT_NAME = "$(TARGET_NAME:c99extidentifier)";
				SKIP_INSTALL = YES;
				SWIFT_EMIT_LOC_STRINGS = YES;
				SWIFT_VERSION = 5.0;
				TARGETED_DEVICE_FAMILY = "1,2";
				VERSIONING_SYSTEM = "apple-generic";
				VERSION_INFO_PREFIX = "";
			};
			name = Release;
		};
		CCF62D072ADA8949009537A9 /* Debug */ = {
			isa = XCBuildConfiguration;
			buildSettings = {
				CODE_SIGN_STYLE = Automatic;
				CURRENT_PROJECT_VERSION = 1;
				DEVELOPMENT_TEAM = B83T7LK9W3;
				GENERATE_INFOPLIST_FILE = YES;
				MARKETING_VERSION = 1.0;
				PRODUCT_BUNDLE_IDENTIFIER = com.aniramskaya.edu.RecipieListTests;
				PRODUCT_NAME = "$(TARGET_NAME)";
				SWIFT_EMIT_LOC_STRINGS = NO;
				SWIFT_VERSION = 5.0;
				TARGETED_DEVICE_FAMILY = "1,2";
			};
			name = Debug;
		};
		CCF62D082ADA8949009537A9 /* Release */ = {
			isa = XCBuildConfiguration;
			buildSettings = {
				CODE_SIGN_STYLE = Automatic;
				CURRENT_PROJECT_VERSION = 1;
				DEVELOPMENT_TEAM = B83T7LK9W3;
				GENERATE_INFOPLIST_FILE = YES;
				MARKETING_VERSION = 1.0;
				PRODUCT_BUNDLE_IDENTIFIER = com.aniramskaya.edu.RecipieListTests;
				PRODUCT_NAME = "$(TARGET_NAME)";
				SWIFT_EMIT_LOC_STRINGS = NO;
				SWIFT_VERSION = 5.0;
				TARGETED_DEVICE_FAMILY = "1,2";
			};
			name = Release;
		};
/* End XCBuildConfiguration section */

/* Begin XCConfigurationList section */
		CC9D23182F0A2D780039E3D4 /* Build configuration list for PBXNativeTarget "RecipeUIKit" */ = {
			isa = XCConfigurationList;
			buildConfigurations = (
				CC9D23162F0A2D780039E3D4 /* Debug */,
				CC9D23172F0A2D780039E3D4 /* Release */,
			);
			defaultConfigurationIsVisible = 0;
			defaultConfigurationName = Release;
		};
		CCF62CB42ADA82BB009537A9 /* Build configuration list for PBXProject "recipies" */ = {
			isa = XCConfigurationList;
			buildConfigurations = (
				CCF62CDB2ADA82CB009537A9 /* Debug */,
				CCF62CDC2ADA82CB009537A9 /* Release */,
			);
			defaultConfigurationIsVisible = 0;
			defaultConfigurationName = Release;
		};
		CCF62CDD2ADA82CB009537A9 /* Build configuration list for PBXNativeTarget "recipies" */ = {
			isa = XCConfigurationList;
			buildConfigurations = (
				CCF62CDE2ADA82CB009537A9 /* Debug */,
				CCF62CDF2ADA82CB009537A9 /* Release */,
			);
			defaultConfigurationIsVisible = 0;
			defaultConfigurationName = Release;
		};
		CCF62CE02ADA82CB009537A9 /* Build configuration list for PBXNativeTarget "recipiesTests" */ = {
			isa = XCConfigurationList;
			buildConfigurations = (
				CCF62CE12ADA82CB009537A9 /* Debug */,
				CCF62CE22ADA82CB009537A9 /* Release */,
			);
			defaultConfigurationIsVisible = 0;
			defaultConfigurationName = Release;
		};
		CCF62CE32ADA82CB009537A9 /* Build configuration list for PBXNativeTarget "recipiesUITests" */ = {
			isa = XCConfigurationList;
			buildConfigurations = (
				CCF62CE42ADA82CB009537A9 /* Debug */,
				CCF62CE52ADA82CB009537A9 /* Release */,
			);
			defaultConfigurationIsVisible = 0;
			defaultConfigurationName = Release;
		};
		CCF62D022ADA8949009537A9 /* Build configuration list for PBXNativeTarget "RecipieList" */ = {
			isa = XCConfigurationList;
			buildConfigurations = (
				CCF62D032ADA8949009537A9 /* Debug */,
				CCF62D042ADA8949009537A9 /* Release */,
			);
			defaultConfigurationIsVisible = 0;
			defaultConfigurationName = Release;
		};
		CCF62D062ADA8949009537A9 /* Build configuration list for PBXNativeTarget "RecipieListTests" */ = {
			isa = XCConfigurationList;
			buildConfigurations = (
				CCF62D072ADA8949009537A9 /* Debug */,
				CCF62D082ADA8949009537A9 /* Release */,
			);
			defaultConfigurationIsVisible = 0;
			defaultConfigurationName = Release;
		};
/* End XCConfigurationList section */

/* Begin XCRemoteSwiftPackageReference section */
		CC5C8BD92EFA8EF500D14CF1 /* XCRemoteSwiftPackageReference "swift-snapshot-testing" */ = {
			isa = XCRemoteSwiftPackageReference;
			repositoryURL = "https://github.com/pointfreeco/swift-snapshot-testing";
			requirement = {
				kind = upToNextMajorVersion;
				minimumVersion = 1.18.7;
			};
		};
/* End XCRemoteSwiftPackageReference section */

/* Begin XCSwiftPackageProductDependency section */
		CC5C8BDA2EFA8EF500D14CF1 /* SnapshotTesting */ = {
			isa = XCSwiftPackageProductDependency;
			package = CC5C8BD92EFA8EF500D14CF1 /* XCRemoteSwiftPackageReference "swift-snapshot-testing" */;
			productName = SnapshotTesting;
		};
/* End XCSwiftPackageProductDependency section */
	};
	rootObject = CCF62CB12ADA82BB009537A9 /* Project object */;
}
