// !$*UTF8*$!
{
	archiveVersion = 1;
	classes = {
	};
	objectVersion = 60;
	objects = {

/* Begin PBXBuildFile section */
		CC56EAA12F179BC10044956B /* NSError+Extensions.swift in Sources */ = {isa = PBXBuildFile; fileRef = CCF62D172ADAAA76009537A9 /* NSError+Extensions.swift */; };
		CC56EAA22F179BC10044956B /* TestError.swift in Sources */ = {isa = PBXBuildFile; fileRef = CC9D23332F0BC8F70039E3D4 /* TestError.swift */; };
		CC56EAA32F179BC10044956B /* Date+Extensions.swift in Sources */ = {isa = PBXBuildFile; fileRef = CCF62D1A2ADAAA9A009537A9 /* Date+Extensions.swift */; };
		CC56EAAA2F179C920044956B /* hostInWindow.swift in Sources */ = {isa = PBXBuildFile; fileRef = CC56EAA92F179C910044956B /* hostInWindow.swift */; };
		CC56EAB02F179F2D0044956B /* TestHelpers.swift in Sources */ = {isa = PBXBuildFile; fileRef = CC56EAAF2F179F290044956B /* TestHelpers.swift */; };
		CC7E37532F975E0900BF78F2 /* RecipeUIKit in Frameworks */ = {isa = PBXBuildFile; productRef = CC7E37522F975E0900BF78F2 /* RecipeUIKit */; };
		CC7E37562F975E2500BF78F2 /* RecipeList in Frameworks */ = {isa = PBXBuildFile; productRef = CC7E37552F975E2500BF78F2 /* RecipeList */; };
		CCF62CBD2ADA82BB009537A9 /* recipesApp.swift in Sources */ = {isa = PBXBuildFile; fileRef = CCF62CBC2ADA82BB009537A9 /* recipesApp.swift */; };
		CCF62CBF2ADA82BB009537A9 /* ContentView.swift in Sources */ = {isa = PBXBuildFile; fileRef = CCF62CBE2ADA82BB009537A9 /* ContentView.swift */; };
		CCF62CC12ADA82CB009537A9 /* Assets.xcassets in Resources */ = {isa = PBXBuildFile; fileRef = CCF62CC02ADA82CB009537A9 /* Assets.xcassets */; };
		CCF62CC42ADA82CB009537A9 /* Preview Assets.xcassets in Resources */ = {isa = PBXBuildFile; fileRef = CCF62CC32ADA82CB009537A9 /* Preview Assets.xcassets */; };
		CCF62CCE2ADA82CB009537A9 /* recipesTests.swift in Sources */ = {isa = PBXBuildFile; fileRef = CCF62CCD2ADA82CB009537A9 /* recipesTests.swift */; };
/* End PBXBuildFile section */

/* Begin PBXContainerItemProxy section */
		CCF62CCA2ADA82CB009537A9 /* PBXContainerItemProxy */ = {
			isa = PBXContainerItemProxy;
			containerPortal = CCF62CB12ADA82BB009537A9 /* Project object */;
			proxyType = 1;
			remoteGlobalIDString = CCF62CB82ADA82BB009537A9;
			remoteInfo = recipies;
		};
/* End PBXContainerItemProxy section */

/* Begin PBXFileReference section */
		CC56EA932F1798B60044956B /* TestHelpers.framework */ = {isa = PBXFileReference; explicitFileType = wrapper.framework; includeInIndex = 0; path = TestHelpers.framework; sourceTree = BUILT_PRODUCTS_DIR; };
		CC56EAA92F179C910044956B /* hostInWindow.swift */ = {isa = PBXFileReference; lastKnownFileType = sourcecode.swift; path = hostInWindow.swift; sourceTree = "<group>"; };
		CC56EAAF2F179F290044956B /* TestHelpers.swift */ = {isa = PBXFileReference; lastKnownFileType = sourcecode.swift; path = TestHelpers.swift; sourceTree = "<group>"; };
		CC5C8BE42EFA9A1F00D14CF1 /* 003 - Snapshot testing.md */ = {isa = PBXFileReference; lastKnownFileType = net.daringfireball.markdown; path = "003 - Snapshot testing.md"; sourceTree = "<group>"; };
		CC626A0B2F88D524003FCA1B /* agents.md */ = {isa = PBXFileReference; lastKnownFileType = net.daringfireball.markdown; path = agents.md; sourceTree = "<group>"; };
		CC7E36E52F9756A700BF78F2 /* RecipeUIKit */ = {isa = PBXFileReference; lastKnownFileType = wrapper; path = RecipeUIKit; sourceTree = "<group>"; };
		CC7E36EC2F975BE500BF78F2 /* .gitignore */ = {isa = PBXFileReference; lastKnownFileType = text; path = .gitignore; sourceTree = "<group>"; };
		CC7E36ED2F975BE500BF78F2 /* Package.swift */ = {isa = PBXFileReference; lastKnownFileType = sourcecode.swift; path = Package.swift; sourceTree = "<group>"; };
		CC7E36F82F975D1900BF78F2 /* RecipeListItem.swift */ = {isa = PBXFileReference; lastKnownFileType = sourcecode.swift; path = RecipeListItem.swift; sourceTree = "<group>"; };
		CC7E36FA2F975D1900BF78F2 /* RecipeListAssembly.swift */ = {isa = PBXFileReference; lastKnownFileType = sourcecode.swift; path = RecipeListAssembly.swift; sourceTree = "<group>"; };
		CC7E36FB2F975D1900BF78F2 /* CallAsFunction.swift */ = {isa = PBXFileReference; lastKnownFileType = sourcecode.swift; path = CallAsFunction.swift; sourceTree = "<group>"; };
		CC7E36FC2F975D1900BF78F2 /* Fallback.swift */ = {isa = PBXFileReference; lastKnownFileType = sourcecode.swift; path = Fallback.swift; sourceTree = "<group>"; };
		CC7E36FD2F975D1900BF78F2 /* Flow.swift */ = {isa = PBXFileReference; lastKnownFileType = sourcecode.swift; path = Flow.swift; sourceTree = "<group>"; };
		CC7E36FE2F975D1900BF78F2 /* Map.swift */ = {isa = PBXFileReference; lastKnownFileType = sourcecode.swift; path = Map.swift; sourceTree = "<group>"; };
		CC7E36FF2F975D1900BF78F2 /* OnError.swift */ = {isa = PBXFileReference; lastKnownFileType = sourcecode.swift; path = OnError.swift; sourceTree = "<group>"; };
		CC7E37002F975D1900BF78F2 /* OnSuccess.swift */ = {isa = PBXFileReference; lastKnownFileType = sourcecode.swift; path = OnSuccess.swift; sourceTree = "<group>"; };
		CC7E37012F975D1900BF78F2 /* Readme.md */ = {isa = PBXFileReference; lastKnownFileType = net.daringfireball.markdown; path = Readme.md; sourceTree = "<group>"; };
		CC7E37032F975D1900BF78F2 /* AnyAsyncCache.swift */ = {isa = PBXFileReference; lastKnownFileType = sourcecode.swift; path = AnyAsyncCache.swift; sourceTree = "<group>"; };
		CC7E37042F975D1900BF78F2 /* AsyncCacheable.swift */ = {isa = PBXFileReference; lastKnownFileType = sourcecode.swift; path = AsyncCacheable.swift; sourceTree = "<group>"; };
		CC7E37052F975D1900BF78F2 /* AsyncExpirableCache.swift */ = {isa = PBXFileReference; lastKnownFileType = sourcecode.swift; path = AsyncExpirableCache.swift; sourceTree = "<group>"; };
		CC7E37062F975D1900BF78F2 /* AsyncInMemoryCache.swift */ = {isa = PBXFileReference; lastKnownFileType = sourcecode.swift; path = AsyncInMemoryCache.swift; sourceTree = "<group>"; };
		CC7E37072F975D1900BF78F2 /* AsyncRecipeListDTOLoader.swift */ = {isa = PBXFileReference; lastKnownFileType = sourcecode.swift; path = AsyncRecipeListDTOLoader.swift; sourceTree = "<group>"; };
		CC7E37082F975D1900BF78F2 /* AsyncRecipeListDTOLoaderStub.swift */ = {isa = PBXFileReference; lastKnownFileType = sourcecode.swift; path = AsyncRecipeListDTOLoaderStub.swift; sourceTree = "<group>"; };
		CC7E37092F975D1900BF78F2 /* AsyncRecipeListLoader.swift */ = {isa = PBXFileReference; lastKnownFileType = sourcecode.swift; path = AsyncRecipeListLoader.swift; sourceTree = "<group>"; };
		CC7E370A2F975D1900BF78F2 /* AsyncRecipeListLoaderAssembly.swift */ = {isa = PBXFileReference; lastKnownFileType = sourcecode.swift; path = AsyncRecipeListLoaderAssembly.swift; sourceTree = "<group>"; };
		CC7E370C2F975D1900BF78F2 /* RecipeListCache.swift */ = {isa = PBXFileReference; lastKnownFileType = sourcecode.swift; path = RecipeListCache.swift; sourceTree = "<group>"; };
		CC7E370D2F975D1900BF78F2 /* RecipeListCacheAsync.swift */ = {isa = PBXFileReference; lastKnownFileType = sourcecode.swift; path = RecipeListCacheAsync.swift; sourceTree = "<group>"; };
		CC7E370E2F975D1900BF78F2 /* RecipeListExpirationPolicy.swift */ = {isa = PBXFileReference; lastKnownFileType = sourcecode.swift; path = RecipeListExpirationPolicy.swift; sourceTree = "<group>"; };
		CC7E37102F975D1900BF78F2 /* InMemoryStorage.swift */ = {isa = PBXFileReference; lastKnownFileType = sourcecode.swift; path = InMemoryStorage.swift; sourceTree = "<group>"; };
		CC7E37112F975D1900BF78F2 /* SyncStorage.swift */ = {isa = PBXFileReference; lastKnownFileType = sourcecode.swift; path = SyncStorage.swift; sourceTree = "<group>"; };
		CC7E37132F975D1900BF78F2 /* RecipeListDTOLoader.swift */ = {isa = PBXFileReference; lastKnownFileType = sourcecode.swift; path = RecipeListDTOLoader.swift; sourceTree = "<group>"; };
		CC7E37142F975D1900BF78F2 /* RecipeListDTOLoaderStub.swift */ = {isa = PBXFileReference; lastKnownFileType = sourcecode.swift; path = RecipeListDTOLoaderStub.swift; sourceTree = "<group>"; };
		CC7E37152F975D1900BF78F2 /* RecipeListFallbackLoader.swift */ = {isa = PBXFileReference; lastKnownFileType = sourcecode.swift; path = RecipeListFallbackLoader.swift; sourceTree = "<group>"; };
		CC7E37162F975D1900BF78F2 /* RecipeListLoader.swift */ = {isa = PBXFileReference; lastKnownFileType = sourcecode.swift; path = RecipeListLoader.swift; sourceTree = "<group>"; };
		CC7E37172F975D1900BF78F2 /* RecipeListLoaderAssembly.swift */ = {isa = PBXFileReference; lastKnownFileType = sourcecode.swift; path = RecipeListLoaderAssembly.swift; sourceTree = "<group>"; };
		CC7E37182F975D1900BF78F2 /* RecipeListLoaderAsyncAdapter.swift */ = {isa = PBXFileReference; lastKnownFileType = sourcecode.swift; path = RecipeListLoaderAsyncAdapter.swift; sourceTree = "<group>"; };
		CC7E37192F975D1900BF78F2 /* RecipeListRemoteLoader.swift */ = {isa = PBXFileReference; lastKnownFileType = sourcecode.swift; path = RecipeListRemoteLoader.swift; sourceTree = "<group>"; };
		CC7E371B2F975D1900BF78F2 /* CombineCacheable.swift */ = {isa = PBXFileReference; lastKnownFileType = sourcecode.swift; path = CombineCacheable.swift; sourceTree = "<group>"; };
		CC7E371C2F975D1900BF78F2 /* CombineRecipeListDTOCache.swift */ = {isa = PBXFileReference; lastKnownFileType = sourcecode.swift; path = CombineRecipeListDTOCache.swift; sourceTree = "<group>"; };
		CC7E371D2F975D1900BF78F2 /* CombineRecipeListDTOExpirableCache.swift */ = {isa = PBXFileReference; lastKnownFileType = sourcecode.swift; path = CombineRecipeListDTOExpirableCache.swift; sourceTree = "<group>"; };
		CC7E371E2F975D1900BF78F2 /* CombineRecipeListLoaderAssembly.swift */ = {isa = PBXFileReference; lastKnownFileType = sourcecode.swift; path = CombineRecipeListLoaderAssembly.swift; sourceTree = "<group>"; };
		CC7E371F2F975D1900BF78F2 /* CombineRecipeListLoder.swift */ = {isa = PBXFileReference; lastKnownFileType = sourcecode.swift; path = CombineRecipeListLoder.swift; sourceTree = "<group>"; };
		CC7E37202F975D1900BF78F2 /* PublisherFactory.swift */ = {isa = PBXFileReference; lastKnownFileType = sourcecode.swift; path = PublisherFactory.swift; sourceTree = "<group>"; };
		CC7E37212F975D1900BF78F2 /* RecipeListDTOPublisher.swift */ = {isa = PBXFileReference; lastKnownFileType = sourcecode.swift; path = RecipeListDTOPublisher.swift; sourceTree = "<group>"; };
		CC7E37222F975D1900BF78F2 /* RecipeListDTOPublisherStub.swift */ = {isa = PBXFileReference; lastKnownFileType = sourcecode.swift; path = RecipeListDTOPublisherStub.swift; sourceTree = "<group>"; };
		CC7E37242F975D1900BF78F2 /* RecipeItemDTO.swift */ = {isa = PBXFileReference; lastKnownFileType = sourcecode.swift; path = RecipeItemDTO.swift; sourceTree = "<group>"; };
		CC7E37262F975D1900BF78F2 /* RecipeListLoaderAsync.swift */ = {isa = PBXFileReference; lastKnownFileType = sourcecode.swift; path = RecipeListLoaderAsync.swift; sourceTree = "<group>"; };
		CC7E37272F975D1900BF78F2 /* TimestampExpirationPolicy.swift */ = {isa = PBXFileReference; lastKnownFileType = sourcecode.swift; path = TimestampExpirationPolicy.swift; sourceTree = "<group>"; };
		CC7E37292F975D1900BF78F2 /* RecipeListItem+Extension.swift */ = {isa = PBXFileReference; lastKnownFileType = sourcecode.swift; path = "RecipeListItem+Extension.swift"; sourceTree = "<group>"; };
		CC7E372A2F975D1900BF78F2 /* RecipeListScreenViewModel.swift */ = {isa = PBXFileReference; lastKnownFileType = sourcecode.swift; path = RecipeListScreenViewModel.swift; sourceTree = "<group>"; };
		CC7E372C2F975D1900BF78F2 /* RecipeListImage.swift */ = {isa = PBXFileReference; lastKnownFileType = sourcecode.swift; path = RecipeListImage.swift; sourceTree = "<group>"; };
		CC7E372E2F975D1900BF78F2 /* CookingTimeView.swift */ = {isa = PBXFileReference; lastKnownFileType = sourcecode.swift; path = CookingTimeView.swift; sourceTree = "<group>"; };
		CC7E372F2F975D1900BF78F2 /* RatingView.swift */ = {isa = PBXFileReference; lastKnownFileType = sourcecode.swift; path = RatingView.swift; sourceTree = "<group>"; };
		CC7E37302F975D1900BF78F2 /* RecipeComplexityView.swift */ = {isa = PBXFileReference; lastKnownFileType = sourcecode.swift; path = RecipeComplexityView.swift; sourceTree = "<group>"; };
		CC7E37312F975D1900BF78F2 /* RecipeListRow.swift */ = {isa = PBXFileReference; lastKnownFileType = sourcecode.swift; path = RecipeListRow.swift; sourceTree = "<group>"; };
		CC7E37322F975D1900BF78F2 /* RecipeListView.swift */ = {isa = PBXFileReference; lastKnownFileType = sourcecode.swift; path = RecipeListView.swift; sourceTree = "<group>"; };
		CC7E37342F975D1900BF78F2 /* RecipeListScreen.swift */ = {isa = PBXFileReference; lastKnownFileType = sourcecode.swift; path = RecipeListScreen.swift; sourceTree = "<group>"; };
		CC7E37362F975D3100BF78F2 /* MemoryLeakChecker.swift */ = {isa = PBXFileReference; lastKnownFileType = sourcecode.swift; path = MemoryLeakChecker.swift; sourceTree = "<group>"; };
		CC7E37372F975D3100BF78F2 /* RecipeListDTO+TestData.swift */ = {isa = PBXFileReference; lastKnownFileType = sourcecode.swift; path = "RecipeListDTO+TestData.swift"; sourceTree = "<group>"; };
		CC7E37382F975D3100BF78F2 /* RecipeListFeature.swift */ = {isa = PBXFileReference; lastKnownFileType = sourcecode.swift; path = RecipeListFeature.swift; sourceTree = "<group>"; };
		CC7E37392F975D3100BF78F2 /* RecipeListItem+TestHelpers.swift */ = {isa = PBXFileReference; lastKnownFileType = sourcecode.swift; path = "RecipeListItem+TestHelpers.swift"; sourceTree = "<group>"; };
		CC7E373A2F975D3100BF78F2 /* TimestampExpirationPolicyStub.swift */ = {isa = PBXFileReference; lastKnownFileType = sourcecode.swift; path = TimestampExpirationPolicyStub.swift; sourceTree = "<group>"; };
		CC7E373B2F975D3100BF78F2 /* waitFor.swift */ = {isa = PBXFileReference; lastKnownFileType = sourcecode.swift; path = waitFor.swift; sourceTree = "<group>"; };
		CC7E373C2F975D3100BF78F2 /* XCTestCase+Extensions.swift */ = {isa = PBXFileReference; lastKnownFileType = sourcecode.swift; path = "XCTestCase+Extensions.swift"; sourceTree = "<group>"; };
		CC7E373E2F975D3100BF78F2 /* RecipeListAcceptanceTests.swift */ = {isa = PBXFileReference; lastKnownFileType = sourcecode.swift; path = RecipeListAcceptanceTests.swift; sourceTree = "<group>"; };
		CC7E373F2F975D3100BF78F2 /* RecipeListAsyncAcceptanceTests.swift */ = {isa = PBXFileReference; lastKnownFileType = sourcecode.swift; path = RecipeListAsyncAcceptanceTests.swift; sourceTree = "<group>"; };
		CC7E37412F975D3100BF78F2 /* AsyncRecipeListLoaderTests.swift */ = {isa = PBXFileReference; lastKnownFileType = sourcecode.swift; path = AsyncRecipeListLoaderTests.swift; sourceTree = "<group>"; };
		CC7E37432F975D3100BF78F2 /* InMemoryStorageTests.swift */ = {isa = PBXFileReference; lastKnownFileType = sourcecode.swift; path = InMemoryStorageTests.swift; sourceTree = "<group>"; };
		CC7E37442F975D3100BF78F2 /* RecipeListTests.swift */ = {isa = PBXFileReference; lastKnownFileType = sourcecode.swift; path = RecipeListTests.swift; sourceTree = "<group>"; };
		CC7E37452F975D3100BF78F2 /* RecipieListCacheTests.swift */ = {isa = PBXFileReference; lastKnownFileType = sourcecode.swift; path = RecipieListCacheTests.swift; sourceTree = "<group>"; };
		CC7E37462F975D3100BF78F2 /* RecipieListExpirationPolicyTests.swift */ = {isa = PBXFileReference; lastKnownFileType = sourcecode.swift; path = RecipieListExpirationPolicyTests.swift; sourceTree = "<group>"; };
		CC7E37482F975D3100BF78F2 /* CombineRecipeListLoaderTests.swift */ = {isa = PBXFileReference; lastKnownFileType = sourcecode.swift; path = CombineRecipeListLoaderTests.swift; sourceTree = "<group>"; };
		CC7E374B2F975D3100BF78F2 /* RecipeListRowSnapshot.1.png */ = {isa = PBXFileReference; lastKnownFileType = image.png; path = RecipeListRowSnapshot.1.png; sourceTree = "<group>"; };
		CC7E374E2F975D3100BF78F2 /* RecipeListRow+DSL.swift */ = {isa = PBXFileReference; lastKnownFileType = sourcecode.swift; path = "RecipeListRow+DSL.swift"; sourceTree = "<group>"; };
		CC7E374F2F975D3100BF78F2 /* RecipeListRowTests.swift */ = {isa = PBXFileReference; lastKnownFileType = sourcecode.swift; path = RecipeListRowTests.swift; sourceTree = "<group>"; };
		CC9D232D2F0A4F660039E3D4 /* 004 - UI Content Testing.md */ = {isa = PBXFileReference; lastKnownFileType = net.daringfireball.markdown; path = "004 - UI Content Testing.md"; sourceTree = "<group>"; };
		CC9D23302F0BB42D0039E3D4 /* 005 - Acceptance testing.md */ = {isa = PBXFileReference; lastKnownFileType = net.daringfireball.markdown; path = "005 - Acceptance testing.md"; sourceTree = "<group>"; };
		CC9D23332F0BC8F70039E3D4 /* TestError.swift */ = {isa = PBXFileReference; lastKnownFileType = sourcecode.swift; path = TestError.swift; sourceTree = "<group>"; };
		CCF62CB92ADA82BB009537A9 /* recipes.app */ = {isa = PBXFileReference; explicitFileType = wrapper.application; includeInIndex = 0; path = recipes.app; sourceTree = BUILT_PRODUCTS_DIR; };
		CCF62CBC2ADA82BB009537A9 /* recipesApp.swift */ = {isa = PBXFileReference; lastKnownFileType = sourcecode.swift; path = recipesApp.swift; sourceTree = "<group>"; };
		CCF62CBE2ADA82BB009537A9 /* ContentView.swift */ = {isa = PBXFileReference; lastKnownFileType = sourcecode.swift; path = ContentView.swift; sourceTree = "<group>"; };
		CCF62CC02ADA82CB009537A9 /* Assets.xcassets */ = {isa = PBXFileReference; lastKnownFileType = folder.assetcatalog; path = Assets.xcassets; sourceTree = "<group>"; };
		CCF62CC32ADA82CB009537A9 /* Preview Assets.xcassets */ = {isa = PBXFileReference; lastKnownFileType = folder.assetcatalog; path = "Preview Assets.xcassets"; sourceTree = "<group>"; };
		CCF62CC92ADA82CB009537A9 /* recipesTests.xctest */ = {isa = PBXFileReference; explicitFileType = wrapper.cfbundle; includeInIndex = 0; path = recipesTests.xctest; sourceTree = BUILT_PRODUCTS_DIR; };
		CCF62CCD2ADA82CB009537A9 /* recipesTests.swift */ = {isa = PBXFileReference; lastKnownFileType = sourcecode.swift; path = recipesTests.swift; sourceTree = "<group>"; };
		CCF62D172ADAAA76009537A9 /* NSError+Extensions.swift */ = {isa = PBXFileReference; lastKnownFileType = sourcecode.swift; path = "NSError+Extensions.swift"; sourceTree = "<group>"; };
		CCF62D1A2ADAAA9A009537A9 /* Date+Extensions.swift */ = {isa = PBXFileReference; lastKnownFileType = sourcecode.swift; path = "Date+Extensions.swift"; sourceTree = "<group>"; };
/* End PBXFileReference section */

/* Begin PBXFrameworksBuildPhase section */
		CC56EA902F1798B60044956B /* Frameworks */ = {
			isa = PBXFrameworksBuildPhase;
			buildActionMask = 2147483647;
			files = (
			);
			runOnlyForDeploymentPostprocessing = 0;
		};
		CCF62CB62ADA82BB009537A9 /* Frameworks */ = {
			isa = PBXFrameworksBuildPhase;
			buildActionMask = 2147483647;
			files = (
				CC7E37562F975E2500BF78F2 /* RecipeList in Frameworks */,
				CC7E37532F975E0900BF78F2 /* RecipeUIKit in Frameworks */,
			);
			runOnlyForDeploymentPostprocessing = 0;
		};
		CCF62CC62ADA82CB009537A9 /* Frameworks */ = {
			isa = PBXFrameworksBuildPhase;
			buildActionMask = 2147483647;
			files = (
			);
			runOnlyForDeploymentPostprocessing = 0;
		};
/* End PBXFrameworksBuildPhase section */

/* Begin PBXGroup section */
		CC56EA9C2F1798C30044956B /* Common */ = {
			isa = PBXGroup;
			children = (
				CC56EAA92F179C910044956B /* hostInWindow.swift */,
				CCF62D172ADAAA76009537A9 /* NSError+Extensions.swift */,
				CCF62D1A2ADAAA9A009537A9 /* Date+Extensions.swift */,
				CC9D23332F0BC8F70039E3D4 /* TestError.swift */,
			);
			path = Common;
			sourceTree = "<group>";
		};
		CC56EA9F2F1798C30044956B /* TestHelpers */ = {
			isa = PBXGroup;
			children = (
				CC56EAAF2F179F290044956B /* TestHelpers.swift */,
				CC56EA9C2F1798C30044956B /* Common */,
			);
			path = TestHelpers;
			sourceTree = "<group>";
		};
		CC5C8BE32EFA99DF00D14CF1 /* Лекции */ = {
			isa = PBXGroup;
			children = (
				CC5C8BE42EFA9A1F00D14CF1 /* 003 - Snapshot testing.md */,
				CC9D232D2F0A4F660039E3D4 /* 004 - UI Content Testing.md */,
				CC9D23302F0BB42D0039E3D4 /* 005 - Acceptance testing.md */,
			);
			path = "Лекции";
			sourceTree = "<group>";
		};
		CC5C8BFB2EFAA8B700D14CF1 /* Abstractions */ = {
			isa = PBXGroup;
			children = (
			);
			path = Abstractions;
			sourceTree = "<group>";
		};
		CC7E36E42F97567B00BF78F2 /* Shared */ = {
			isa = PBXGroup;
			children = (
				CC7E36E52F9756A700BF78F2 /* RecipeUIKit */,
			);
			path = Shared;
			sourceTree = "<group>";
		};
		CC7E36E72F975BE500BF78F2 /* RecipeList */ = {
			isa = PBXGroup;
			children = (
				CC7E36F92F975D1900BF78F2 /* Domain */,
				CC7E36FA2F975D1900BF78F2 /* RecipeListAssembly.swift */,
				CC7E37282F975D1900BF78F2 /* Services */,
				CC7E37352F975D1900BF78F2 /* UI */,
			);
			path = RecipeList;
			sourceTree = "<group>";
		};
		CC7E36E82F975BE500BF78F2 /* Sources */ = {
			isa = PBXGroup;
			children = (
				CC7E36E72F975BE500BF78F2 /* RecipeList */,
			);
			path = Sources;
			sourceTree = "<group>";
		};
		CC7E36EA2F975BE500BF78F2 /* RecipeListTests */ = {
			isa = PBXGroup;
			children = (
				CC7E373D2F975D3100BF78F2 /* Helpers */,
				CC7E373E2F975D3100BF78F2 /* RecipeListAcceptanceTests.swift */,
				CC7E373F2F975D3100BF78F2 /* RecipeListAsyncAcceptanceTests.swift */,
				CC7E374A2F975D3100BF78F2 /* Services */,
				CC7E37502F975D3100BF78F2 /* UI */,
			);
			path = RecipeListTests;
			sourceTree = "<group>";
		};
		CC7E36EB2F975BE500BF78F2 /* Tests */ = {
			isa = PBXGroup;
			children = (
				CC7E36EA2F975BE500BF78F2 /* RecipeListTests */,
			);
			path = Tests;
			sourceTree = "<group>";
		};
		CC7E36EE2F975BE500BF78F2 /* RecipeList */ = {
			isa = PBXGroup;
			children = (
				CC7E36E82F975BE500BF78F2 /* Sources */,
				CC7E36EB2F975BE500BF78F2 /* Tests */,
				CC7E36EC2F975BE500BF78F2 /* .gitignore */,
				CC7E36ED2F975BE500BF78F2 /* Package.swift */,
			);
			path = RecipeList;
			sourceTree = "<group>";
		};
		CC7E36F92F975D1900BF78F2 /* Domain */ = {
			isa = PBXGroup;
			children = (
				CC7E36F82F975D1900BF78F2 /* RecipeListItem.swift */,
			);
			path = Domain;
			sourceTree = "<group>";
		};
		CC7E37022F975D1900BF78F2 /* Flow */ = {
			isa = PBXGroup;
			children = (
				CC7E36FB2F975D1900BF78F2 /* CallAsFunction.swift */,
				CC7E36FC2F975D1900BF78F2 /* Fallback.swift */,
				CC7E36FD2F975D1900BF78F2 /* Flow.swift */,
				CC7E36FE2F975D1900BF78F2 /* Map.swift */,
				CC7E36FF2F975D1900BF78F2 /* OnError.swift */,
				CC7E37002F975D1900BF78F2 /* OnSuccess.swift */,
				CC7E37012F975D1900BF78F2 /* Readme.md */,
			);
			path = Flow;
			sourceTree = "<group>";
		};
		CC7E370B2F975D1900BF78F2 /* AsyncServices */ = {
			isa = PBXGroup;
			children = (
				CC7E37022F975D1900BF78F2 /* Flow */,
				CC7E37032F975D1900BF78F2 /* AnyAsyncCache.swift */,
				CC7E37042F975D1900BF78F2 /* AsyncCacheable.swift */,
				CC7E37052F975D1900BF78F2 /* AsyncExpirableCache.swift */,
				CC7E37062F975D1900BF78F2 /* AsyncInMemoryCache.swift */,
				CC7E37072F975D1900BF78F2 /* AsyncRecipeListDTOLoader.swift */,
				CC7E37082F975D1900BF78F2 /* AsyncRecipeListDTOLoaderStub.swift */,
				CC7E37092F975D1900BF78F2 /* AsyncRecipeListLoader.swift */,
				CC7E370A2F975D1900BF78F2 /* AsyncRecipeListLoaderAssembly.swift */,
			);
			path = AsyncServices;
			sourceTree = "<group>";
		};
		CC7E370F2F975D1900BF78F2 /* Cache */ = {
			isa = PBXGroup;
			children = (
				CC7E370C2F975D1900BF78F2 /* RecipeListCache.swift */,
				CC7E370D2F975D1900BF78F2 /* RecipeListCacheAsync.swift */,
				CC7E370E2F975D1900BF78F2 /* RecipeListExpirationPolicy.swift */,
			);
			path = Cache;
			sourceTree = "<group>";
		};
		CC7E37122F975D1900BF78F2 /* Storage */ = {
			isa = PBXGroup;
			children = (
				CC7E37102F975D1900BF78F2 /* InMemoryStorage.swift */,
				CC7E37112F975D1900BF78F2 /* SyncStorage.swift */,
			);
			path = Storage;
			sourceTree = "<group>";
		};
		CC7E371A2F975D1900BF78F2 /* CallbackServices */ = {
			isa = PBXGroup;
			children = (
				CC7E370F2F975D1900BF78F2 /* Cache */,
				CC7E37122F975D1900BF78F2 /* Storage */,
				CC7E37132F975D1900BF78F2 /* RecipeListDTOLoader.swift */,
				CC7E37142F975D1900BF78F2 /* RecipeListDTOLoaderStub.swift */,
				CC7E37152F975D1900BF78F2 /* RecipeListFallbackLoader.swift */,
				CC7E37162F975D1900BF78F2 /* RecipeListLoader.swift */,
				CC7E37172F975D1900BF78F2 /* RecipeListLoaderAssembly.swift */,
				CC7E37182F975D1900BF78F2 /* RecipeListLoaderAsyncAdapter.swift */,
				CC7E37192F975D1900BF78F2 /* RecipeListRemoteLoader.swift */,
			);
			path = CallbackServices;
			sourceTree = "<group>";
		};
		CC7E37232F975D1900BF78F2 /* CombineServices */ = {
			isa = PBXGroup;
			children = (
				CC7E371B2F975D1900BF78F2 /* CombineCacheable.swift */,
				CC7E371C2F975D1900BF78F2 /* CombineRecipeListDTOCache.swift */,
				CC7E371D2F975D1900BF78F2 /* CombineRecipeListDTOExpirableCache.swift */,
				CC7E371E2F975D1900BF78F2 /* CombineRecipeListLoaderAssembly.swift */,
				CC7E371F2F975D1900BF78F2 /* CombineRecipeListLoder.swift */,
				CC7E37202F975D1900BF78F2 /* PublisherFactory.swift */,
				CC7E37212F975D1900BF78F2 /* RecipeListDTOPublisher.swift */,
				CC7E37222F975D1900BF78F2 /* RecipeListDTOPublisherStub.swift */,
			);
			path = CombineServices;
			sourceTree = "<group>";
		};
		CC7E37252F975D1900BF78F2 /* DTO */ = {
			isa = PBXGroup;
			children = (
				CC7E37242F975D1900BF78F2 /* RecipeItemDTO.swift */,
			);
			path = DTO;
			sourceTree = "<group>";
		};
		CC7E37282F975D1900BF78F2 /* Services */ = {
			isa = PBXGroup;
			children = (
				CC7E370B2F975D1900BF78F2 /* AsyncServices */,
				CC7E371A2F975D1900BF78F2 /* CallbackServices */,
				CC7E37232F975D1900BF78F2 /* CombineServices */,
				CC7E37252F975D1900BF78F2 /* DTO */,
				CC7E37262F975D1900BF78F2 /* RecipeListLoaderAsync.swift */,
				CC7E37272F975D1900BF78F2 /* TimestampExpirationPolicy.swift */,
			);
			path = Services;
			sourceTree = "<group>";
		};
		CC7E372B2F975D1900BF78F2 /* Models */ = {
			isa = PBXGroup;
			children = (
				CC7E37292F975D1900BF78F2 /* RecipeListItem+Extension.swift */,
				CC7E372A2F975D1900BF78F2 /* RecipeListScreenViewModel.swift */,
			);
			path = Models;
			sourceTree = "<group>";
		};
		CC7E372D2F975D1900BF78F2 /* PossiblySharedComponents */ = {
			isa = PBXGroup;
			children = (
				CC7E372C2F975D1900BF78F2 /* RecipeListImage.swift */,
			);
			path = PossiblySharedComponents;
			sourceTree = "<group>";
		};
		CC7E37332F975D1900BF78F2 /* Views */ = {
			isa = PBXGroup;
			children = (
				CC7E372E2F975D1900BF78F2 /* CookingTimeView.swift */,
				CC7E372F2F975D1900BF78F2 /* RatingView.swift */,
				CC7E37302F975D1900BF78F2 /* RecipeComplexityView.swift */,
				CC7E37312F975D1900BF78F2 /* RecipeListRow.swift */,
				CC7E37322F975D1900BF78F2 /* RecipeListView.swift */,
			);
			path = Views;
			sourceTree = "<group>";
		};
		CC7E37352F975D1900BF78F2 /* UI */ = {
			isa = PBXGroup;
			children = (
				CC7E372B2F975D1900BF78F2 /* Models */,
				CC7E372D2F975D1900BF78F2 /* PossiblySharedComponents */,
				CC7E37332F975D1900BF78F2 /* Views */,
				CC7E37342F975D1900BF78F2 /* RecipeListScreen.swift */,
			);
			path = UI;
			sourceTree = "<group>";
		};
		CC7E373D2F975D3100BF78F2 /* Helpers */ = {
			isa = PBXGroup;
			children = (
				CC7E37362F975D3100BF78F2 /* MemoryLeakChecker.swift */,
				CC7E37372F975D3100BF78F2 /* RecipeListDTO+TestData.swift */,
				CC7E37382F975D3100BF78F2 /* RecipeListFeature.swift */,
				CC7E37392F975D3100BF78F2 /* RecipeListItem+TestHelpers.swift */,
				CC7E373A2F975D3100BF78F2 /* TimestampExpirationPolicyStub.swift */,
				CC7E373B2F975D3100BF78F2 /* waitFor.swift */,
				CC7E373C2F975D3100BF78F2 /* XCTestCase+Extensions.swift */,
			);
			path = Helpers;
			sourceTree = "<group>";
		};
		CC7E37422F975D3100BF78F2 /* AsyncServices */ = {
			isa = PBXGroup;
			children = (
				CC7E37412F975D3100BF78F2 /* AsyncRecipeListLoaderTests.swift */,
			);
			path = AsyncServices;
			sourceTree = "<group>";
		};
		CC7E37472F975D3100BF78F2 /* CallbackServices */ = {
			isa = PBXGroup;
			children = (
				CC7E37432F975D3100BF78F2 /* InMemoryStorageTests.swift */,
				CC7E37442F975D3100BF78F2 /* RecipeListTests.swift */,
				CC7E37452F975D3100BF78F2 /* RecipieListCacheTests.swift */,
				CC7E37462F975D3100BF78F2 /* RecipieListExpirationPolicyTests.swift */,
			);
			path = CallbackServices;
			sourceTree = "<group>";
		};
		CC7E37492F975D3100BF78F2 /* CombineServices */ = {
			isa = PBXGroup;
			children = (
				CC7E37482F975D3100BF78F2 /* CombineRecipeListLoaderTests.swift */,
			);
			path = CombineServices;
			sourceTree = "<group>";
		};
		CC7E374A2F975D3100BF78F2 /* Services */ = {
			isa = PBXGroup;
			children = (
				CC7E37422F975D3100BF78F2 /* AsyncServices */,
				CC7E37472F975D3100BF78F2 /* CallbackServices */,
				CC7E37492F975D3100BF78F2 /* CombineServices */,
			);
			path = Services;
			sourceTree = "<group>";
		};
		CC7E374C2F975D3100BF78F2 /* RecipeListRowTests */ = {
			isa = PBXGroup;
			children = (
				CC7E374B2F975D3100BF78F2 /* RecipeListRowSnapshot.1.png */,
			);
			path = RecipeListRowTests;
			sourceTree = "<group>";
		};
		CC7E374D2F975D3100BF78F2 /* __Snapshots__ */ = {
			isa = PBXGroup;
			children = (
				CC7E374C2F975D3100BF78F2 /* RecipeListRowTests */,
			);
			path = __Snapshots__;
			sourceTree = "<group>";
		};
		CC7E37502F975D3100BF78F2 /* UI */ = {
			isa = PBXGroup;
			children = (
				CC7E374D2F975D3100BF78F2 /* __Snapshots__ */,
				CC7E374E2F975D3100BF78F2 /* RecipeListRow+DSL.swift */,
				CC7E374F2F975D3100BF78F2 /* RecipeListRowTests.swift */,
			);
			path = UI;
			sourceTree = "<group>";
		};
		CC9D23202F0A2DD60039E3D4 /* Frameworks */ = {
			isa = PBXGroup;
			children = (
			);
			name = Frameworks;
			sourceTree = "<group>";
		};
		CCF62CB02ADA82BB009537A9 = {
			isa = PBXGroup;
			children = (
				CC626A0B2F88D524003FCA1B /* agents.md */,
				CCF62CE62ADA8906009537A9 /* Features */,
				CC7E36E42F97567B00BF78F2 /* Shared */,
				CCF62CBB2ADA82BB009537A9 /* recipes */,
				CCF62CCC2ADA82CB009537A9 /* recipesTests */,
				CC56EA9F2F1798C30044956B /* TestHelpers */,
				CCF62CBA2ADA82BB009537A9 /* Products */,
				CC5C8BE32EFA99DF00D14CF1 /* Лекции */,
				CC9D23202F0A2DD60039E3D4 /* Frameworks */,
			);
			sourceTree = "<group>";
		};
		CCF62CBA2ADA82BB009537A9 /* Products */ = {
			isa = PBXGroup;
			children = (
				CCF62CB92ADA82BB009537A9 /* recipes.app */,
				CCF62CC92ADA82CB009537A9 /* recipesTests.xctest */,
				CC56EA932F1798B60044956B /* TestHelpers.framework */,
			);
			name = Products;
			sourceTree = "<group>";
		};
		CCF62CBB2ADA82BB009537A9 /* recipes */ = {
			isa = PBXGroup;
			children = (
				CC5C8BFB2EFAA8B700D14CF1 /* Abstractions */,
				CCF62CBC2ADA82BB009537A9 /* recipesApp.swift */,
				CCF62CBE2ADA82BB009537A9 /* ContentView.swift */,
				CCF62CC02ADA82CB009537A9 /* Assets.xcassets */,
				CCF62CC22ADA82CB009537A9 /* Preview Content */,
			);
			path = recipes;
			sourceTree = "<group>";
		};
		CCF62CC22ADA82CB009537A9 /* Preview Content */ = {
			isa = PBXGroup;
			children = (
				CCF62CC32ADA82CB009537A9 /* Preview Assets.xcassets */,
			);
			path = "Preview Content";
			sourceTree = "<group>";
		};
		CCF62CCC2ADA82CB009537A9 /* recipesTests */ = {
			isa = PBXGroup;
			children = (
				CCF62CCD2ADA82CB009537A9 /* recipesTests.swift */,
			);
			path = recipesTests;
			sourceTree = "<group>";
		};
		CCF62CE62ADA8906009537A9 /* Features */ = {
			isa = PBXGroup;
			children = (
				CC7E36EE2F975BE500BF78F2 /* RecipeList */,
			);
			path = Features;
			sourceTree = "<group>";
		};
/* End PBXGroup section */

/* Begin PBXHeadersBuildPhase section */
		CC56EA8E2F1798B60044956B /* Headers */ = {
			isa = PBXHeadersBuildPhase;
			buildActionMask = 2147483647;
			files = (
			);
			runOnlyForDeploymentPostprocessing = 0;
		};
/* End PBXHeadersBuildPhase section */

/* Begin PBXNativeTarget section */
		CC56EA922F1798B60044956B /* TestHelpers */ = {
			isa = PBXNativeTarget;
			buildConfigurationList = CC56EA992F1798B60044956B /* Build configuration list for PBXNativeTarget "TestHelpers" */;
			buildPhases = (
				CC56EA8E2F1798B60044956B /* Headers */,
				CC56EA8F2F1798B60044956B /* Sources */,
				CC56EA902F1798B60044956B /* Frameworks */,
				CC56EA912F1798B60044956B /* Resources */,
			);
			buildRules = (
			);
			dependencies = (
			);
			name = TestHelpers;
			packageProductDependencies = (
			);
			productName = TestHelpers;
			productReference = CC56EA932F1798B60044956B /* TestHelpers.framework */;
			productType = "com.apple.product-type.framework";
		};
		CCF62CB82ADA82BB009537A9 /* recipes */ = {
			isa = PBXNativeTarget;
			buildConfigurationList = CCF62CDD2ADA82CB009537A9 /* Build configuration list for PBXNativeTarget "recipes" */;
			buildPhases = (
				CCF62CB52ADA82BB009537A9 /* Sources */,
				CCF62CB62ADA82BB009537A9 /* Frameworks */,
				CCF62CB72ADA82BB009537A9 /* Resources */,
			);
			buildRules = (
			);
			dependencies = (
			);
			name = recipes;
			productName = recipies;
			productReference = CCF62CB92ADA82BB009537A9 /* recipes.app */;
			productType = "com.apple.product-type.application";
		};
		CCF62CC82ADA82CB009537A9 /* recipesTests */ = {
			isa = PBXNativeTarget;
			buildConfigurationList = CCF62CE02ADA82CB009537A9 /* Build configuration list for PBXNativeTarget "recipesTests" */;
			buildPhases = (
				CCF62CC52ADA82CB009537A9 /* Sources */,
				CCF62CC62ADA82CB009537A9 /* Frameworks */,
				CCF62CC72ADA82CB009537A9 /* Resources */,
			);
			buildRules = (
			);
			dependencies = (
				CCF62CCB2ADA82CB009537A9 /* PBXTargetDependency */,
			);
			name = recipesTests;
			productName = recipiesTests;
			productReference = CCF62CC92ADA82CB009537A9 /* recipesTests.xctest */;
			productType = "com.apple.product-type.bundle.unit-test";
		};
/* End PBXNativeTarget section */

/* Begin PBXProject section */
		CCF62CB12ADA82BB009537A9 /* Project object */ = {
			isa = PBXProject;
			attributes = {
				BuildIndependentTargetsInParallel = 1;
				LastSwiftUpdateCheck = 2600;
				LastUpgradeCheck = 1430;
				TargetAttributes = {
					CC56EA922F1798B60044956B = {
						CreatedOnToolsVersion = 26.0.1;
					};
					CCF62CB82ADA82BB009537A9 = {
						CreatedOnToolsVersion = 14.3.1;
					};
					CCF62CC82ADA82CB009537A9 = {
						CreatedOnToolsVersion = 14.3.1;
						TestTargetID = CCF62CB82ADA82BB009537A9;
					};
				};
			};
			buildConfigurationList = CCF62CB42ADA82BB009537A9 /* Build configuration list for PBXProject "recipies" */;
			compatibilityVersion = "Xcode 14.0";
			developmentRegion = en;
			hasScannedForEncodings = 0;
			knownRegions = (
				en,
				Base,
			);
			mainGroup = CCF62CB02ADA82BB009537A9;
			packageReferences = (
				CC5C8BD92EFA8EF500D14CF1 /* XCRemoteSwiftPackageReference "swift-snapshot-testing" */,
				CC9D232A2F0A36890039E3D4 /* XCRemoteSwiftPackageReference "ViewInspector" */,
				CC9F64BF2F1E3C5400357A55 /* XCRemoteSwiftPackageReference "swift-async-algorithms" */,
				CC7E37512F975E0900BF78F2 /* XCLocalSwiftPackageReference "Shared/RecipeUIKit" */,
				CC7E37542F975E2500BF78F2 /* XCLocalSwiftPackageReference "Features/RecipeList" */,
			);
			productRefGroup = CCF62CBA2ADA82BB009537A9 /* Products */;
			projectDirPath = "";
			projectRoot = "";
			targets = (
				CCF62CB82ADA82BB009537A9 /* recipes */,
				CCF62CC82ADA82CB009537A9 /* recipesTests */,
				CC56EA922F1798B60044956B /* TestHelpers */,
			);
		};
/* End PBXProject section */

/* Begin PBXResourcesBuildPhase section */
		CC56EA912F1798B60044956B /* Resources */ = {
			isa = PBXResourcesBuildPhase;
			buildActionMask = 2147483647;
			files = (
			);
			runOnlyForDeploymentPostprocessing = 0;
		};
		CCF62CB72ADA82BB009537A9 /* Resources */ = {
			isa = PBXResourcesBuildPhase;
			buildActionMask = 2147483647;
			files = (
				CCF62CC42ADA82CB009537A9 /* Preview Assets.xcassets in Resources */,
				CCF62CC12ADA82CB009537A9 /* Assets.xcassets in Resources */,
			);
			runOnlyForDeploymentPostprocessing = 0;
		};
		CCF62CC72ADA82CB009537A9 /* Resources */ = {
			isa = PBXResourcesBuildPhase;
			buildActionMask = 2147483647;
			files = (
			);
			runOnlyForDeploymentPostprocessing = 0;
		};
/* End PBXResourcesBuildPhase section */

/* Begin PBXSourcesBuildPhase section */
		CC56EA8F2F1798B60044956B /* Sources */ = {
			isa = PBXSourcesBuildPhase;
			buildActionMask = 2147483647;
			files = (
				CC56EAA12F179BC10044956B /* NSError+Extensions.swift in Sources */,
				CC56EAB02F179F2D0044956B /* TestHelpers.swift in Sources */,
				CC56EAA22F179BC10044956B /* TestError.swift in Sources */,
				CC56EAAA2F179C920044956B /* hostInWindow.swift in Sources */,
				CC56EAA32F179BC10044956B /* Date+Extensions.swift in Sources */,
			);
			runOnlyForDeploymentPostprocessing = 0;
		};
		CCF62CB52ADA82BB009537A9 /* Sources */ = {
			isa = PBXSourcesBuildPhase;
			buildActionMask = 2147483647;
			files = (
				CCF62CBF2ADA82BB009537A9 /* ContentView.swift in Sources */,
				CCF62CBD2ADA82BB009537A9 /* recipesApp.swift in Sources */,
			);
			runOnlyForDeploymentPostprocessing = 0;
		};
		CCF62CC52ADA82CB009537A9 /* Sources */ = {
			isa = PBXSourcesBuildPhase;
			buildActionMask = 2147483647;
			files = (
				CCF62CCE2ADA82CB009537A9 /* recipesTests.swift in Sources */,
			);
			runOnlyForDeploymentPostprocessing = 0;
		};
/* End PBXSourcesBuildPhase section */

/* Begin PBXTargetDependency section */
		CCF62CCB2ADA82CB009537A9 /* PBXTargetDependency */ = {
			isa = PBXTargetDependency;
			target = CCF62CB82ADA82BB009537A9 /* recipes */;
			targetProxy = CCF62CCA2ADA82CB009537A9 /* PBXContainerItemProxy */;
		};
/* End PBXTargetDependency section */

/* Begin XCBuildConfiguration section */
		CC56EA972F1798B60044956B /* Debug */ = {
			isa = XCBuildConfiguration;
			buildSettings = {
				ASSETCATALOG_COMPILER_GENERATE_SWIFT_ASSET_SYMBOL_EXTENSIONS = YES;
				BUILD_LIBRARY_FOR_DISTRIBUTION = YES;
				CODE_SIGN_STYLE = Automatic;
				CURRENT_PROJECT_VERSION = 1;
				DEVELOPMENT_TEAM = B83T7LK9W3;
				DYLIB_COMPATIBILITY_VERSION = 1;
				DYLIB_CURRENT_VERSION = 1;
				DYLIB_INSTALL_NAME_BASE = "@rpath";
				ENABLE_MODULE_VERIFIER = YES;
				ENABLE_USER_SCRIPT_SANDBOXING = YES;
				GCC_C_LANGUAGE_STANDARD = gnu17;
				GENERATE_INFOPLIST_FILE = YES;
				INFOPLIST_KEY_NSHumanReadableCopyright = "";
				INSTALL_PATH = "$(LOCAL_LIBRARY_DIR)/Frameworks";
				LD_RUNPATH_SEARCH_PATHS = (
					"$(inherited)",
					"@executable_path/Frameworks",
					"@loader_path/Frameworks",
				);
				LOCALIZATION_PREFERS_STRING_CATALOGS = YES;
				MARKETING_VERSION = 1.0;
				MODULE_VERIFIER_SUPPORTED_LANGUAGES = "objective-c objective-c++";
				MODULE_VERIFIER_SUPPORTED_LANGUAGE_STANDARDS = "gnu17 gnu++20";
				PRODUCT_BUNDLE_IDENTIFIER = com.aniramskaya.edu.TestHelpers;
				PRODUCT_NAME = "$(TARGET_NAME:c99extidentifier)";
				SKIP_INSTALL = YES;
				STRING_CATALOG_GENERATE_SYMBOLS = YES;
				SWIFT_ACTIVE_COMPILATION_CONDITIONS = "DEBUG $(inherited)";
				SWIFT_APPROACHABLE_CONCURRENCY = YES;
				SWIFT_EMIT_LOC_STRINGS = YES;
				SWIFT_INSTALL_MODULE = YES;
				SWIFT_INSTALL_OBJC_HEADER = NO;
				SWIFT_UPCOMING_FEATURE_MEMBER_IMPORT_VISIBILITY = YES;
				TARGETED_DEVICE_FAMILY = "1,2";
				VERSIONING_SYSTEM = "apple-generic";
				VERSION_INFO_PREFIX = "";
			};
			name = Debug;
		};
		CC56EA982F1798B60044956B /* Release */ = {
			isa = XCBuildConfiguration;
			buildSettings = {
				ASSETCATALOG_COMPILER_GENERATE_SWIFT_ASSET_SYMBOL_EXTENSIONS = YES;
				BUILD_LIBRARY_FOR_DISTRIBUTION = YES;
				CODE_SIGN_STYLE = Automatic;
				CURRENT_PROJECT_VERSION = 1;
				DEVELOPMENT_TEAM = B83T7LK9W3;
				DYLIB_COMPATIBILITY_VERSION = 1;
				DYLIB_CURRENT_VERSION = 1;
				DYLIB_INSTALL_NAME_BASE = "@rpath";
				ENABLE_MODULE_VERIFIER = YES;
				ENABLE_USER_SCRIPT_SANDBOXING = YES;
				GCC_C_LANGUAGE_STANDARD = gnu17;
				GENERATE_INFOPLIST_FILE = YES;
				INFOPLIST_KEY_NSHumanReadableCopyright = "";
				INSTALL_PATH = "$(LOCAL_LIBRARY_DIR)/Frameworks";
				LD_RUNPATH_SEARCH_PATHS = (
					"$(inherited)",
					"@executable_path/Frameworks",
					"@loader_path/Frameworks",
				);
				LOCALIZATION_PREFERS_STRING_CATALOGS = YES;
				MARKETING_VERSION = 1.0;
				MODULE_VERIFIER_SUPPORTED_LANGUAGES = "objective-c objective-c++";
				MODULE_VERIFIER_SUPPORTED_LANGUAGE_STANDARDS = "gnu17 gnu++20";
				PRODUCT_BUNDLE_IDENTIFIER = com.aniramskaya.edu.TestHelpers;
				PRODUCT_NAME = "$(TARGET_NAME:c99extidentifier)";
				SKIP_INSTALL = YES;
				STRING_CATALOG_GENERATE_SYMBOLS = YES;
				SWIFT_APPROACHABLE_CONCURRENCY = YES;
				SWIFT_EMIT_LOC_STRINGS = YES;
				SWIFT_INSTALL_MODULE = YES;
				SWIFT_INSTALL_OBJC_HEADER = NO;
				SWIFT_UPCOMING_FEATURE_MEMBER_IMPORT_VISIBILITY = YES;
				TARGETED_DEVICE_FAMILY = "1,2";
				VERSIONING_SYSTEM = "apple-generic";
				VERSION_INFO_PREFIX = "";
			};
			name = Release;
		};
		CCF62CDB2ADA82CB009537A9 /* Debug */ = {
			isa = XCBuildConfiguration;
			buildSettings = {
				ALWAYS_SEARCH_USER_PATHS = NO;
				CLANG_ANALYZER_NONNULL = YES;
				CLANG_ANALYZER_NUMBER_OBJECT_CONVERSION = YES_AGGRESSIVE;
				CLANG_CXX_LANGUAGE_STANDARD = "gnu++20";
				CLANG_ENABLE_MODULES = YES;
				CLANG_ENABLE_OBJC_ARC = YES;
				CLANG_ENABLE_OBJC_WEAK = YES;
				CLANG_WARN_BLOCK_CAPTURE_AUTORELEASING = YES;
				CLANG_WARN_BOOL_CONVERSION = YES;
				CLANG_WARN_COMMA = YES;
				CLANG_WARN_CONSTANT_CONVERSION = YES;
				CLANG_WARN_DEPRECATED_OBJC_IMPLEMENTATIONS = YES;
				CLANG_WARN_DIRECT_OBJC_ISA_USAGE = YES_ERROR;
				CLANG_WARN_DOCUMENTATION_COMMENTS = YES;
				CLANG_WARN_EMPTY_BODY = YES;
				CLANG_WARN_ENUM_CONVERSION = YES;
				CLANG_WARN_INFINITE_RECURSION = YES;
				CLANG_WARN_INT_CONVERSION = YES;
				CLANG_WARN_NON_LITERAL_NULL_CONVERSION = YES;
				CLANG_WARN_OBJC_IMPLICIT_RETAIN_SELF = YES;
				CLANG_WARN_OBJC_LITERAL_CONVERSION = YES;
				CLANG_WARN_OBJC_ROOT_CLASS = YES_ERROR;
				CLANG_WARN_QUOTED_INCLUDE_IN_FRAMEWORK_HEADER = YES;
				CLANG_WARN_RANGE_LOOP_ANALYSIS = YES;
				CLANG_WARN_STRICT_PROTOTYPES = YES;
				CLANG_WARN_SUSPICIOUS_MOVE = YES;
				CLANG_WARN_UNGUARDED_AVAILABILITY = YES_AGGRESSIVE;
				CLANG_WARN_UNREACHABLE_CODE = YES;
				CLANG_WARN__DUPLICATE_METHOD_MATCH = YES;
				COPY_PHASE_STRIP = NO;
				DEBUG_INFORMATION_FORMAT = dwarf;
				ENABLE_STRICT_OBJC_MSGSEND = YES;
				ENABLE_TESTABILITY = YES;
				GCC_C_LANGUAGE_STANDARD = gnu11;
				GCC_DYNAMIC_NO_PIC = NO;
				GCC_NO_COMMON_BLOCKS = YES;
				GCC_OPTIMIZATION_LEVEL = 0;
				GCC_PREPROCESSOR_DEFINITIONS = (
					"DEBUG=1",
					"$(inherited)",
				);
				GCC_WARN_64_TO_32_BIT_CONVERSION = YES;
				GCC_WARN_ABOUT_RETURN_TYPE = YES_ERROR;
				GCC_WARN_UNDECLARED_SELECTOR = YES;
				GCC_WARN_UNINITIALIZED_AUTOS = YES_AGGRESSIVE;
				GCC_WARN_UNUSED_FUNCTION = YES;
				GCC_WARN_UNUSED_VARIABLE = YES;
				IPHONEOS_DEPLOYMENT_TARGET = 26.0;
				MTL_ENABLE_DEBUG_INFO = INCLUDE_SOURCE;
				MTL_FAST_MATH = YES;
				ONLY_ACTIVE_ARCH = YES;
				SDKROOT = iphoneos;
				SWIFT_ACTIVE_COMPILATION_CONDITIONS = DEBUG;
				SWIFT_OPTIMIZATION_LEVEL = "-Onone";
				SWIFT_STRICT_CONCURRENCY = complete;
				SWIFT_VERSION = 6.0;
			};
			name = Debug;
		};
		CCF62CDC2ADA82CB009537A9 /* Release */ = {
			isa = XCBuildConfiguration;
			buildSettings = {
				ALWAYS_SEARCH_USER_PATHS = NO;
				CLANG_ANALYZER_NONNULL = YES;
				CLANG_ANALYZER_NUMBER_OBJECT_CONVERSION = YES_AGGRESSIVE;
				CLANG_CXX_LANGUAGE_STANDARD = "gnu++20";
				CLANG_ENABLE_MODULES = YES;
				CLANG_ENABLE_OBJC_ARC = YES;
				CLANG_ENABLE_OBJC_WEAK = YES;
				CLANG_WARN_BLOCK_CAPTURE_AUTORELEASING = YES;
				CLANG_WARN_BOOL_CONVERSION = YES;
				CLANG_WARN_COMMA = YES;
				CLANG_WARN_CONSTANT_CONVERSION = YES;
				CLANG_WARN_DEPRECATED_OBJC_IMPLEMENTATIONS = YES;
				CLANG_WARN_DIRECT_OBJC_ISA_USAGE = YES_ERROR;
				CLANG_WARN_DOCUMENTATION_COMMENTS = YES;
				CLANG_WARN_EMPTY_BODY = YES;
				CLANG_WARN_ENUM_CONVERSION = YES;
				CLANG_WARN_INFINITE_RECURSION = YES;
				CLANG_WARN_INT_CONVERSION = YES;
				CLANG_WARN_NON_LITERAL_NULL_CONVERSION = YES;
				CLANG_WARN_OBJC_IMPLICIT_RETAIN_SELF = YES;
				CLANG_WARN_OBJC_LITERAL_CONVERSION = YES;
				CLANG_WARN_OBJC_ROOT_CLASS = YES_ERROR;
				CLANG_WARN_QUOTED_INCLUDE_IN_FRAMEWORK_HEADER = YES;
				CLANG_WARN_RANGE_LOOP_ANALYSIS = YES;
				CLANG_WARN_STRICT_PROTOTYPES = YES;
				CLANG_WARN_SUSPICIOUS_MOVE = YES;
				CLANG_WARN_UNGUARDED_AVAILABILITY = YES_AGGRESSIVE;
				CLANG_WARN_UNREACHABLE_CODE = YES;
				CLANG_WARN__DUPLICATE_METHOD_MATCH = YES;
				COPY_PHASE_STRIP = NO;
				DEBUG_INFORMATION_FORMAT = "dwarf-with-dsym";
				ENABLE_NS_ASSERTIONS = NO;
				ENABLE_STRICT_OBJC_MSGSEND = YES;
				GCC_C_LANGUAGE_STANDARD = gnu11;
				GCC_NO_COMMON_BLOCKS = YES;
				GCC_WARN_64_TO_32_BIT_CONVERSION = YES;
				GCC_WARN_ABOUT_RETURN_TYPE = YES_ERROR;
				GCC_WARN_UNDECLARED_SELECTOR = YES;
				GCC_WARN_UNINITIALIZED_AUTOS = YES_AGGRESSIVE;
				GCC_WARN_UNUSED_FUNCTION = YES;
				GCC_WARN_UNUSED_VARIABLE = YES;
				IPHONEOS_DEPLOYMENT_TARGET = 26.0;
				MTL_ENABLE_DEBUG_INFO = NO;
				MTL_FAST_MATH = YES;
				SDKROOT = iphoneos;
				SWIFT_COMPILATION_MODE = wholemodule;
				SWIFT_OPTIMIZATION_LEVEL = "-O";
				SWIFT_STRICT_CONCURRENCY = complete;
				SWIFT_VERSION = 6.0;
				VALIDATE_PRODUCT = YES;
			};
			name = Release;
		};
		CCF62CDE2ADA82CB009537A9 /* Debug */ = {
			isa = XCBuildConfiguration;
			buildSettings = {
				ASSETCATALOG_COMPILER_APPICON_NAME = AppIcon;
				ASSETCATALOG_COMPILER_GLOBAL_ACCENT_COLOR_NAME = AccentColor;
				CODE_SIGN_STYLE = Automatic;
				CURRENT_PROJECT_VERSION = 1;
				DEVELOPMENT_ASSET_PATHS = "\"recipes/Preview Content\"";
				DEVELOPMENT_TEAM = B83T7LK9W3;
				ENABLE_PREVIEWS = YES;
				GENERATE_INFOPLIST_FILE = YES;
				INFOPLIST_KEY_UIApplicationSceneManifest_Generation = YES;
				INFOPLIST_KEY_UIApplicationSupportsIndirectInputEvents = YES;
				INFOPLIST_KEY_UILaunchScreen_Generation = YES;
				INFOPLIST_KEY_UISupportedInterfaceOrientations_iPad = "UIInterfaceOrientationPortrait UIInterfaceOrientationPortraitUpsideDown UIInterfaceOrientationLandscapeLeft UIInterfaceOrientationLandscapeRight";
				INFOPLIST_KEY_UISupportedInterfaceOrientations_iPhone = "UIInterfaceOrientationPortrait UIInterfaceOrientationLandscapeLeft UIInterfaceOrientationLandscapeRight";
				LD_RUNPATH_SEARCH_PATHS = (
					"$(inherited)",
					"@executable_path/Frameworks",
				);
				MARKETING_VERSION = 1.0;
				PRODUCT_BUNDLE_IDENTIFIER = com.aniramskaya.edu.recipies;
				PRODUCT_NAME = "$(TARGET_NAME)";
				SWIFT_EMIT_LOC_STRINGS = YES;
				TARGETED_DEVICE_FAMILY = "1,2";
			};
			name = Debug;
		};
		CCF62CDF2ADA82CB009537A9 /* Release */ = {
			isa = XCBuildConfiguration;
			buildSettings = {
				ASSETCATALOG_COMPILER_APPICON_NAME = AppIcon;
				ASSETCATALOG_COMPILER_GLOBAL_ACCENT_COLOR_NAME = AccentColor;
				CODE_SIGN_STYLE = Automatic;
				CURRENT_PROJECT_VERSION = 1;
				DEVELOPMENT_ASSET_PATHS = "\"recipes/Preview Content\"";
				DEVELOPMENT_TEAM = B83T7LK9W3;
				ENABLE_PREVIEWS = YES;
				GENERATE_INFOPLIST_FILE = YES;
				INFOPLIST_KEY_UIApplicationSceneManifest_Generation = YES;
				INFOPLIST_KEY_UIApplicationSupportsIndirectInputEvents = YES;
				INFOPLIST_KEY_UILaunchScreen_Generation = YES;
				INFOPLIST_KEY_UISupportedInterfaceOrientations_iPad = "UIInterfaceOrientationPortrait UIInterfaceOrientationPortraitUpsideDown UIInterfaceOrientationLandscapeLeft UIInterfaceOrientationLandscapeRight";
				INFOPLIST_KEY_UISupportedInterfaceOrientations_iPhone = "UIInterfaceOrientationPortrait UIInterfaceOrientationLandscapeLeft UIInterfaceOrientationLandscapeRight";
				LD_RUNPATH_SEARCH_PATHS = (
					"$(inherited)",
					"@executable_path/Frameworks",
				);
				MARKETING_VERSION = 1.0;
				PRODUCT_BUNDLE_IDENTIFIER = com.aniramskaya.edu.recipies;
				PRODUCT_NAME = "$(TARGET_NAME)";
				SWIFT_EMIT_LOC_STRINGS = YES;
				TARGETED_DEVICE_FAMILY = "1,2";
			};
			name = Release;
		};
		CCF62CE12ADA82CB009537A9 /* Debug */ = {
			isa = XCBuildConfiguration;
			buildSettings = {
				BUNDLE_LOADER = "$(TEST_HOST)";
				CODE_SIGN_STYLE = Automatic;
				CURRENT_PROJECT_VERSION = 1;
				DEVELOPMENT_TEAM = B83T7LK9W3;
				GENERATE_INFOPLIST_FILE = YES;
				MARKETING_VERSION = 1.0;
				PRODUCT_BUNDLE_IDENTIFIER = com.aniramskaya.edu.recipiesTests;
				PRODUCT_NAME = "$(TARGET_NAME)";
				SWIFT_EMIT_LOC_STRINGS = NO;
				TARGETED_DEVICE_FAMILY = "1,2";
				TEST_HOST = "$(BUILT_PRODUCTS_DIR)/recipes.app/$(BUNDLE_EXECUTABLE_FOLDER_PATH)/recipes";
			};
			name = Debug;
		};
		CCF62CE22ADA82CB009537A9 /* Release */ = {
			isa = XCBuildConfiguration;
			buildSettings = {
				BUNDLE_LOADER = "$(TEST_HOST)";
				CODE_SIGN_STYLE = Automatic;
				CURRENT_PROJECT_VERSION = 1;
				DEVELOPMENT_TEAM = B83T7LK9W3;
				GENERATE_INFOPLIST_FILE = YES;
				MARKETING_VERSION = 1.0;
				PRODUCT_BUNDLE_IDENTIFIER = com.aniramskaya.edu.recipiesTests;
				PRODUCT_NAME = "$(TARGET_NAME)";
				SWIFT_EMIT_LOC_STRINGS = NO;
				TARGETED_DEVICE_FAMILY = "1,2";
				TEST_HOST = "$(BUILT_PRODUCTS_DIR)/recipes.app/$(BUNDLE_EXECUTABLE_FOLDER_PATH)/recipes";
			};
			name = Release;
		};
/* End XCBuildConfiguration section */

/* Begin XCConfigurationList section */
		CC56EA992F1798B60044956B /* Build configuration list for PBXNativeTarget "TestHelpers" */ = {
			isa = XCConfigurationList;
			buildConfigurations = (
				CC56EA972F1798B60044956B /* Debug */,
				CC56EA982F1798B60044956B /* Release */,
			);
			defaultConfigurationIsVisible = 0;
			defaultConfigurationName = Release;
		};
		CCF62CB42ADA82BB009537A9 /* Build configuration list for PBXProject "recipies" */ = {
			isa = XCConfigurationList;
			buildConfigurations = (
				CCF62CDB2ADA82CB009537A9 /* Debug */,
				CCF62CDC2ADA82CB009537A9 /* Release */,
			);
			defaultConfigurationIsVisible = 0;
			defaultConfigurationName = Release;
		};
		CCF62CDD2ADA82CB009537A9 /* Build configuration list for PBXNativeTarget "recipes" */ = {
			isa = XCConfigurationList;
			buildConfigurations = (
				CCF62CDE2ADA82CB009537A9 /* Debug */,
				CCF62CDF2ADA82CB009537A9 /* Release */,
			);
			defaultConfigurationIsVisible = 0;
			defaultConfigurationName = Release;
		};
		CCF62CE02ADA82CB009537A9 /* Build configuration list for PBXNativeTarget "recipesTests" */ = {
			isa = XCConfigurationList;
			buildConfigurations = (
				CCF62CE12ADA82CB009537A9 /* Debug */,
				CCF62CE22ADA82CB009537A9 /* Release */,
			);
			defaultConfigurationIsVisible = 0;
			defaultConfigurationName = Release;
		};
/* End XCConfigurationList section */

/* Begin XCLocalSwiftPackageReference section */
		CC7E37512F975E0900BF78F2 /* XCLocalSwiftPackageReference "Shared/RecipeUIKit" */ = {
			isa = XCLocalSwiftPackageReference;
			relativePath = Shared/RecipeUIKit;
		};
		CC7E37542F975E2500BF78F2 /* XCLocalSwiftPackageReference "Features/RecipeList" */ = {
			isa = XCLocalSwiftPackageReference;
			relativePath = Features/RecipeList;
		};
/* End XCLocalSwiftPackageReference section */

/* Begin XCRemoteSwiftPackageReference section */
		CC5C8BD92EFA8EF500D14CF1 /* XCRemoteSwiftPackageReference "swift-snapshot-testing" */ = {
			isa = XCRemoteSwiftPackageReference;
			repositoryURL = "https://github.com/pointfreeco/swift-snapshot-testing";
			requirement = {
				kind = upToNextMajorVersion;
				minimumVersion = 1.18.7;
			};
		};
		CC9D232A2F0A36890039E3D4 /* XCRemoteSwiftPackageReference "ViewInspector" */ = {
			isa = XCRemoteSwiftPackageReference;
			repositoryURL = "https://github.com/nalexn/ViewInspector";
			requirement = {
				kind = upToNextMajorVersion;
				minimumVersion = 0.10.3;
			};
		};
		CC9F64BF2F1E3C5400357A55 /* XCRemoteSwiftPackageReference "swift-async-algorithms" */ = {
			isa = XCRemoteSwiftPackageReference;
			repositoryURL = "https://github.com/apple/swift-async-algorithms.git";
			requirement = {
				kind = upToNextMajorVersion;
				minimumVersion = 1.1.1;
			};
		};
/* End XCRemoteSwiftPackageReference section */

/* Begin XCSwiftPackageProductDependency section */
		CC7E37522F975E0900BF78F2 /* RecipeUIKit */ = {
			isa = XCSwiftPackageProductDependency;
			productName = RecipeUIKit;
		};
		CC7E37552F975E2500BF78F2 /* RecipeList */ = {
			isa = XCSwiftPackageProductDependency;
			productName = RecipeList;
		};
/* End XCSwiftPackageProductDependency section */
	};
	rootObject = CCF62CB12ADA82BB009537A9 /* Project object */;
}
