// !$*UTF8*$!
{
	archiveVersion = 1;
	classes = {
	};
	objectVersion = 70;
	objects = {

/* Begin PBXBuildFile section */
		CC1E4334300F4D89009C4016 /* SampleRecipes.swift in Sources */ = {isa = PBXBuildFile; fileRef = CC1E4333300F4D89009C4016 /* SampleRecipes.swift */; };
		CC1E4337300F5FF6009C4016 /* RecipeListLoader.swift in Sources */ = {isa = PBXBuildFile; fileRef = CC1E4336300F5FF2009C4016 /* RecipeListLoader.swift */; };
		CC1E4339300F70AA009C4016 /* RecipeLoader.swift in Sources */ = {isa = PBXBuildFile; fileRef = CC1E4338300F70A5009C4016 /* RecipeLoader.swift */; };
		CC7E37532F975E0900BF78F2 /* RecipeUIKit in Frameworks */ = {isa = PBXBuildFile; productRef = CC7E37522F975E0900BF78F2 /* RecipeUIKit */; };
		CC7E37562F975E2500BF78F2 /* RecipeList in Frameworks */ = {isa = PBXBuildFile; productRef = CC7E37552F975E2500BF78F2 /* RecipeList */; };
		CC90AB342F9F686200ABED7F /* RecipeList in Frameworks */ = {isa = PBXBuildFile; productRef = CC90AB332F9F686200ABED7F /* RecipeList */; };
		CC90AB372F9F687100ABED7F /* RecipeEdit in Frameworks */ = {isa = PBXBuildFile; productRef = CC90AB362F9F687100ABED7F /* RecipeEdit */; };
		CCF62CBD2ADA82BB009537A9 /* recipesApp.swift in Sources */ = {isa = PBXBuildFile; fileRef = CCF62CBC2ADA82BB009537A9 /* recipesApp.swift */; };
		CCF62CBF2ADA82BB009537A9 /* ContentView.swift in Sources */ = {isa = PBXBuildFile; fileRef = CCF62CBE2ADA82BB009537A9 /* ContentView.swift */; };
		CCF62CC12ADA82CB009537A9 /* Assets.xcassets in Resources */ = {isa = PBXBuildFile; fileRef = CCF62CC02ADA82CB009537A9 /* Assets.xcassets */; };
		CCF62CC42ADA82CB009537A9 /* Preview Assets.xcassets in Resources */ = {isa = PBXBuildFile; fileRef = CCF62CC32ADA82CB009537A9 /* Preview Assets.xcassets */; };
		CCF62CCE2ADA82CB009537A9 /* recipesTests.swift in Sources */ = {isa = PBXBuildFile; fileRef = CCF62CCD2ADA82CB009537A9 /* recipesTests.swift */; };
/* End PBXBuildFile section */

/* Begin PBXContainerItemProxy section */
		CCF62CCA2ADA82CB009537A9 /* PBXContainerItemProxy */ = {
			isa = PBXContainerItemProxy;
			containerPortal = CCF62CB12ADA82BB009537A9 /* Project object */;
			proxyType = 1;
			remoteGlobalIDString = CCF62CB82ADA82BB009537A9;
			remoteInfo = recipies;
		};
/* End PBXContainerItemProxy section */

/* Begin PBXFileReference section */
		CC1E4333300F4D89009C4016 /* SampleRecipes.swift */ = {isa = PBXFileReference; lastKnownFileType = sourcecode.swift; path = SampleRecipes.swift; sourceTree = "<group>"; };
		CC1E4336300F5FF2009C4016 /* RecipeListLoader.swift */ = {isa = PBXFileReference; lastKnownFileType = sourcecode.swift; path = RecipeListLoader.swift; sourceTree = "<group>"; };
		CC1E4338300F70A5009C4016 /* RecipeLoader.swift */ = {isa = PBXFileReference; lastKnownFileType = sourcecode.swift; path = RecipeLoader.swift; sourceTree = "<group>"; };
		CC5C8BE42EFA9A1F00D14CF1 /* 003 - Snapshot testing.md */ = {isa = PBXFileReference; lastKnownFileType = net.daringfireball.markdown; path = "003 - Snapshot testing.md"; sourceTree = "<group>"; };
		CC626A0B2F88D524003FCA1B /* agents.md */ = {isa = PBXFileReference; lastKnownFileType = net.daringfireball.markdown; path = agents.md; sourceTree = "<group>"; };
		CC90AB382F9F68CC00ABED7F /* AllTests.xctestplan */ = {isa = PBXFileReference; lastKnownFileType = text; name = AllTests.xctestplan; path = recipes/AllTests.xctestplan; sourceTree = "<group>"; };
		CC9D232D2F0A4F660039E3D4 /* 004 - UI Content Testing.md */ = {isa = PBXFileReference; lastKnownFileType = net.daringfireball.markdown; path = "004 - UI Content Testing.md"; sourceTree = "<group>"; };
		CC9D23302F0BB42D0039E3D4 /* 005 - Acceptance testing.md */ = {isa = PBXFileReference; lastKnownFileType = net.daringfireball.markdown; path = "005 - Acceptance testing.md"; sourceTree = "<group>"; };
		CCF62CB92ADA82BB009537A9 /* recipes.app */ = {isa = PBXFileReference; explicitFileType = wrapper.application; includeInIndex = 0; path = recipes.app; sourceTree = BUILT_PRODUCTS_DIR; };
		CCF62CBC2ADA82BB009537A9 /* recipesApp.swift */ = {isa = PBXFileReference; lastKnownFileType = sourcecode.swift; path = recipesApp.swift; sourceTree = "<group>"; };
		CCF62CBE2ADA82BB009537A9 /* ContentView.swift */ = {isa = PBXFileReference; lastKnownFileType = sourcecode.swift; path = ContentView.swift; sourceTree = "<group>"; };
		CCF62CC02ADA82CB009537A9 /* Assets.xcassets */ = {isa = PBXFileReference; lastKnownFileType = folder.assetcatalog; path = Assets.xcassets; sourceTree = "<group>"; };
		CCF62CC32ADA82CB009537A9 /* Preview Assets.xcassets */ = {isa = PBXFileReference; lastKnownFileType = folder.assetcatalog; path = "Preview Assets.xcassets"; sourceTree = "<group>"; };
		CCF62CC92ADA82CB009537A9 /* recipesTests.xctest */ = {isa = PBXFileReference; explicitFileType = wrapper.cfbundle; includeInIndex = 0; path = recipesTests.xctest; sourceTree = BUILT_PRODUCTS_DIR; };
		CCF62CCD2ADA82CB009537A9 /* recipesTests.swift */ = {isa = PBXFileReference; lastKnownFileType = sourcecode.swift; path = recipesTests.swift; sourceTree = "<group>"; };
/* End PBXFileReference section */

/* Begin PBXFileSystemSynchronizedRootGroup section */
		CC20586C3007A7AD0031B7F6 /* модули */ = {isa = PBXFileSystemSynchronizedRootGroup; explicitFileTypes = {}; explicitFolders = (); path = "модули"; sourceTree = "<group>"; };
/* End PBXFileSystemSynchronizedRootGroup section */

/* Begin PBXFrameworksBuildPhase section */
		CCF62CB62ADA82BB009537A9 /* Frameworks */ = {
			isa = PBXFrameworksBuildPhase;
			buildActionMask = 2147483647;
			files = (
				CC90AB372F9F687100ABED7F /* RecipeEdit in Frameworks */,
				CC90AB342F9F686200ABED7F /* RecipeList in Frameworks */,
				CC7E37562F975E2500BF78F2 /* RecipeList in Frameworks */,
				CC7E37532F975E0900BF78F2 /* RecipeUIKit in Frameworks */,
			);
			runOnlyForDeploymentPostprocessing = 0;
		};
		CCF62CC62ADA82CB009537A9 /* Frameworks */ = {
			isa = PBXFrameworksBuildPhase;
			buildActionMask = 2147483647;
			files = (
			);
			runOnlyForDeploymentPostprocessing = 0;
		};
/* End PBXFrameworksBuildPhase section */

/* Begin PBXGroup section */
		CC1E4335300F5FCB009C4016 /* DataStub */ = {
			isa = PBXGroup;
			children = (
				CC1E4338300F70A5009C4016 /* RecipeLoader.swift */,
				CC1E4336300F5FF2009C4016 /* RecipeListLoader.swift */,
				CC1E4333300F4D89009C4016 /* SampleRecipes.swift */,
			);
			path = DataStub;
			sourceTree = "<group>";
		};
		CC5C8BE32EFA99DF00D14CF1 /* Лекции */ = {
			isa = PBXGroup;
			children = (
				CC5C8BE42EFA9A1F00D14CF1 /* 003 - Snapshot testing.md */,
				CC9D232D2F0A4F660039E3D4 /* 004 - UI Content Testing.md */,
				CC9D23302F0BB42D0039E3D4 /* 005 - Acceptance testing.md */,
			);
			path = "Лекции";
			sourceTree = "<group>";
		};
		CC9D23202F0A2DD60039E3D4 /* Frameworks */ = {
			isa = PBXGroup;
			children = (
			);
			name = Frameworks;
			sourceTree = "<group>";
		};
		CCF62CB02ADA82BB009537A9 = {
			isa = PBXGroup;
			children = (
				CC20586C3007A7AD0031B7F6 /* модули */,
				CC90AB382F9F68CC00ABED7F /* AllTests.xctestplan */,
				CC626A0B2F88D524003FCA1B /* agents.md */,
				CCF62CBB2ADA82BB009537A9 /* recipes */,
				CCF62CCC2ADA82CB009537A9 /* recipesTests */,
				CCF62CBA2ADA82BB009537A9 /* Products */,
				CC5C8BE32EFA99DF00D14CF1 /* Лекции */,
				CC9D23202F0A2DD60039E3D4 /* Frameworks */,
			);
			sourceTree = "<group>";
		};
		CCF62CBA2ADA82BB009537A9 /* Products */ = {
			isa = PBXGroup;
			children = (
				CCF62CB92ADA82BB009537A9 /* recipes.app */,
				CCF62CC92ADA82CB009537A9 /* recipesTests.xctest */,
			);
			name = Products;
			sourceTree = "<group>";
		};
		CCF62CBB2ADA82BB009537A9 /* recipes */ = {
			isa = PBXGroup;
			children = (
				CC1E4335300F5FCB009C4016 /* DataStub */,
				CCF62CBC2ADA82BB009537A9 /* recipesApp.swift */,
				CCF62CBE2ADA82BB009537A9 /* ContentView.swift */,
				CCF62CC02ADA82CB009537A9 /* Assets.xcassets */,
				CCF62CC22ADA82CB009537A9 /* Preview Content */,
			);
			path = recipes;
			sourceTree = "<group>";
		};
		CCF62CC22ADA82CB009537A9 /* Preview Content */ = {
			isa = PBXGroup;
			children = (
				CCF62CC32ADA82CB009537A9 /* Preview Assets.xcassets */,
			);
			path = "Preview Content";
			sourceTree = "<group>";
		};
		CCF62CCC2ADA82CB009537A9 /* recipesTests */ = {
			isa = PBXGroup;
			children = (
				CCF62CCD2ADA82CB009537A9 /* recipesTests.swift */,
			);
			path = recipesTests;
			sourceTree = "<group>";
		};
/* End PBXGroup section */

/* Begin PBXNativeTarget section */
		CCF62CB82ADA82BB009537A9 /* recipes */ = {
			isa = PBXNativeTarget;
			buildConfigurationList = CCF62CDD2ADA82CB009537A9 /* Build configuration list for PBXNativeTarget "recipes" */;
			buildPhases = (
				CCF62CB52ADA82BB009537A9 /* Sources */,
				CCF62CB62ADA82BB009537A9 /* Frameworks */,
				CCF62CB72ADA82BB009537A9 /* Resources */,
			);
			buildRules = (
			);
			dependencies = (
			);
			name = recipes;
			productName = recipies;
			productReference = CCF62CB92ADA82BB009537A9 /* recipes.app */;
			productType = "com.apple.product-type.application";
		};
		CCF62CC82ADA82CB009537A9 /* recipesTests */ = {
			isa = PBXNativeTarget;
			buildConfigurationList = CCF62CE02ADA82CB009537A9 /* Build configuration list for PBXNativeTarget "recipesTests" */;
			buildPhases = (
				CCF62CC52ADA82CB009537A9 /* Sources */,
				CCF62CC62ADA82CB009537A9 /* Frameworks */,
				CCF62CC72ADA82CB009537A9 /* Resources */,
			);
			buildRules = (
			);
			dependencies = (
				CCF62CCB2ADA82CB009537A9 /* PBXTargetDependency */,
			);
			name = recipesTests;
			productName = recipiesTests;
			productReference = CCF62CC92ADA82CB009537A9 /* recipesTests.xctest */;
			productType = "com.apple.product-type.bundle.unit-test";
		};
/* End PBXNativeTarget section */

/* Begin PBXProject section */
		CCF62CB12ADA82BB009537A9 /* Project object */ = {
			isa = PBXProject;
			attributes = {
				BuildIndependentTargetsInParallel = 1;
				LastSwiftUpdateCheck = 2600;
				LastUpgradeCheck = 1430;
				TargetAttributes = {
					CCF62CB82ADA82BB009537A9 = {
						CreatedOnToolsVersion = 14.3.1;
					};
					CCF62CC82ADA82CB009537A9 = {
						CreatedOnToolsVersion = 14.3.1;
						TestTargetID = CCF62CB82ADA82BB009537A9;
					};
				};
			};
			buildConfigurationList = CCF62CB42ADA82BB009537A9 /* Build configuration list for PBXProject "recipies" */;
			compatibilityVersion = "Xcode 14.0";
			developmentRegion = en;
			hasScannedForEncodings = 0;
			knownRegions = (
				en,
				Base,
			);
			mainGroup = CCF62CB02ADA82BB009537A9;
			packageReferences = (
				CC5C8BD92EFA8EF500D14CF1 /* XCRemoteSwiftPackageReference "swift-snapshot-testing" */,
				CC9D232A2F0A36890039E3D4 /* XCRemoteSwiftPackageReference "ViewInspector" */,
				CC9F64BF2F1E3C5400357A55 /* XCRemoteSwiftPackageReference "swift-async-algorithms" */,
				CC90AB322F9F686200ABED7F /* XCLocalSwiftPackageReference "Features/RecipeList" */,
				CC90AB352F9F687100ABED7F /* XCLocalSwiftPackageReference "Features/RecipeEdit" */,
			);
			productRefGroup = CCF62CBA2ADA82BB009537A9 /* Products */;
			projectDirPath = "";
			projectRoot = "";
			targets = (
				CCF62CB82ADA82BB009537A9 /* recipes */,
				CCF62CC82ADA82CB009537A9 /* recipesTests */,
			);
		};
/* End PBXProject section */

/* Begin PBXResourcesBuildPhase section */
		CCF62CB72ADA82BB009537A9 /* Resources */ = {
			isa = PBXResourcesBuildPhase;
			buildActionMask = 2147483647;
			files = (
				CCF62CC42ADA82CB009537A9 /* Preview Assets.xcassets in Resources */,
				CCF62CC12ADA82CB009537A9 /* Assets.xcassets in Resources */,
			);
			runOnlyForDeploymentPostprocessing = 0;
		};
		CCF62CC72ADA82CB009537A9 /* Resources */ = {
			isa = PBXResourcesBuildPhase;
			buildActionMask = 2147483647;
			files = (
			);
			runOnlyForDeploymentPostprocessing = 0;
		};
/* End PBXResourcesBuildPhase section */

/* Begin PBXSourcesBuildPhase section */
		CCF62CB52ADA82BB009537A9 /* Sources */ = {
			isa = PBXSourcesBuildPhase;
			buildActionMask = 2147483647;
			files = (
				CC1E4339300F70AA009C4016 /* RecipeLoader.swift in Sources */,
				CC1E4337300F5FF6009C4016 /* RecipeListLoader.swift in Sources */,
				CCF62CBF2ADA82BB009537A9 /* ContentView.swift in Sources */,
				CC1E4334300F4D89009C4016 /* SampleRecipes.swift in Sources */,
				CCF62CBD2ADA82BB009537A9 /* recipesApp.swift in Sources */,
			);
			runOnlyForDeploymentPostprocessing = 0;
		};
		CCF62CC52ADA82CB009537A9 /* Sources */ = {
			isa = PBXSourcesBuildPhase;
			buildActionMask = 2147483647;
			files = (
				CCF62CCE2ADA82CB009537A9 /* recipesTests.swift in Sources */,
			);
			runOnlyForDeploymentPostprocessing = 0;
		};
/* End PBXSourcesBuildPhase section */

/* Begin PBXTargetDependency section */
		CCF62CCB2ADA82CB009537A9 /* PBXTargetDependency */ = {
			isa = PBXTargetDependency;
			target = CCF62CB82ADA82BB009537A9 /* recipes */;
			targetProxy = CCF62CCA2ADA82CB009537A9 /* PBXContainerItemProxy */;
		};
/* End PBXTargetDependency section */

/* Begin XCBuildConfiguration section */
		CCF62CDB2ADA82CB009537A9 /* Debug */ = {
			isa = XCBuildConfiguration;
			buildSettings = {
				ALWAYS_SEARCH_USER_PATHS = NO;
				CLANG_ANALYZER_NONNULL = YES;
				CLANG_ANALYZER_NUMBER_OBJECT_CONVERSION = YES_AGGRESSIVE;
				CLANG_CXX_LANGUAGE_STANDARD = "gnu++20";
				CLANG_ENABLE_MODULES = YES;
				CLANG_ENABLE_OBJC_ARC = YES;
				CLANG_ENABLE_OBJC_WEAK = YES;
				CLANG_WARN_BLOCK_CAPTURE_AUTORELEASING = YES;
				CLANG_WARN_BOOL_CONVERSION = YES;
				CLANG_WARN_COMMA = YES;
				CLANG_WARN_CONSTANT_CONVERSION = YES;
				CLANG_WARN_DEPRECATED_OBJC_IMPLEMENTATIONS = YES;
				CLANG_WARN_DIRECT_OBJC_ISA_USAGE = YES_ERROR;
				CLANG_WARN_DOCUMENTATION_COMMENTS = YES;
				CLANG_WARN_EMPTY_BODY = YES;
				CLANG_WARN_ENUM_CONVERSION = YES;
				CLANG_WARN_INFINITE_RECURSION = YES;
				CLANG_WARN_INT_CONVERSION = YES;
				CLANG_WARN_NON_LITERAL_NULL_CONVERSION = YES;
				CLANG_WARN_OBJC_IMPLICIT_RETAIN_SELF = YES;
				CLANG_WARN_OBJC_LITERAL_CONVERSION = YES;
				CLANG_WARN_OBJC_ROOT_CLASS = YES_ERROR;
				CLANG_WARN_QUOTED_INCLUDE_IN_FRAMEWORK_HEADER = YES;
				CLANG_WARN_RANGE_LOOP_ANALYSIS = YES;
				CLANG_WARN_STRICT_PROTOTYPES = YES;
				CLANG_WARN_SUSPICIOUS_MOVE = YES;
				CLANG_WARN_UNGUARDED_AVAILABILITY = YES_AGGRESSIVE;
				CLANG_WARN_UNREACHABLE_CODE = YES;
				CLANG_WARN__DUPLICATE_METHOD_MATCH = YES;
				COPY_PHASE_STRIP = NO;
				DEBUG_INFORMATION_FORMAT = dwarf;
				ENABLE_STRICT_OBJC_MSGSEND = YES;
				ENABLE_TESTABILITY = YES;
				GCC_C_LANGUAGE_STANDARD = gnu11;
				GCC_DYNAMIC_NO_PIC = NO;
				GCC_NO_COMMON_BLOCKS = YES;
				GCC_OPTIMIZATION_LEVEL = 0;
				GCC_PREPROCESSOR_DEFINITIONS = (
					"DEBUG=1",
					"$(inherited)",
				);
				GCC_WARN_64_TO_32_BIT_CONVERSION = YES;
				GCC_WARN_ABOUT_RETURN_TYPE = YES_ERROR;
				GCC_WARN_UNDECLARED_SELECTOR = YES;
				GCC_WARN_UNINITIALIZED_AUTOS = YES_AGGRESSIVE;
				GCC_WARN_UNUSED_FUNCTION = YES;
				GCC_WARN_UNUSED_VARIABLE = YES;
				IPHONEOS_DEPLOYMENT_TARGET = 17.0;
				MTL_ENABLE_DEBUG_INFO = INCLUDE_SOURCE;
				MTL_FAST_MATH = YES;
				ONLY_ACTIVE_ARCH = YES;
				SDKROOT = iphoneos;
				SWIFT_ACTIVE_COMPILATION_CONDITIONS = DEBUG;
				SWIFT_OPTIMIZATION_LEVEL = "-Onone";
				SWIFT_STRICT_CONCURRENCY = complete;
				SWIFT_VERSION = 6.0;
			};
			name = Debug;
		};
		CCF62CDC2ADA82CB009537A9 /* Release */ = {
			isa = XCBuildConfiguration;
			buildSettings = {
				ALWAYS_SEARCH_USER_PATHS = NO;
				CLANG_ANALYZER_NONNULL = YES;
				CLANG_ANALYZER_NUMBER_OBJECT_CONVERSION = YES_AGGRESSIVE;
				CLANG_CXX_LANGUAGE_STANDARD = "gnu++20";
				CLANG_ENABLE_MODULES = YES;
				CLANG_ENABLE_OBJC_ARC = YES;
				CLANG_ENABLE_OBJC_WEAK = YES;
				CLANG_WARN_BLOCK_CAPTURE_AUTORELEASING = YES;
				CLANG_WARN_BOOL_CONVERSION = YES;
				CLANG_WARN_COMMA = YES;
				CLANG_WARN_CONSTANT_CONVERSION = YES;
				CLANG_WARN_DEPRECATED_OBJC_IMPLEMENTATIONS = YES;
				CLANG_WARN_DIRECT_OBJC_ISA_USAGE = YES_ERROR;
				CLANG_WARN_DOCUMENTATION_COMMENTS = YES;
				CLANG_WARN_EMPTY_BODY = YES;
				CLANG_WARN_ENUM_CONVERSION = YES;
				CLANG_WARN_INFINITE_RECURSION = YES;
				CLANG_WARN_INT_CONVERSION = YES;
				CLANG_WARN_NON_LITERAL_NULL_CONVERSION = YES;
				CLANG_WARN_OBJC_IMPLICIT_RETAIN_SELF = YES;
				CLANG_WARN_OBJC_LITERAL_CONVERSION = YES;
				CLANG_WARN_OBJC_ROOT_CLASS = YES_ERROR;
				CLANG_WARN_QUOTED_INCLUDE_IN_FRAMEWORK_HEADER = YES;
				CLANG_WARN_RANGE_LOOP_ANALYSIS = YES;
				CLANG_WARN_STRICT_PROTOTYPES = YES;
				CLANG_WARN_SUSPICIOUS_MOVE = YES;
				CLANG_WARN_UNGUARDED_AVAILABILITY = YES_AGGRESSIVE;
				CLANG_WARN_UNREACHABLE_CODE = YES;
				CLANG_WARN__DUPLICATE_METHOD_MATCH = YES;
				COPY_PHASE_STRIP = NO;
				DEBUG_INFORMATION_FORMAT = "dwarf-with-dsym";
				ENABLE_NS_ASSERTIONS = NO;
				ENABLE_STRICT_OBJC_MSGSEND = YES;
				GCC_C_LANGUAGE_STANDARD = gnu11;
				GCC_NO_COMMON_BLOCKS = YES;
				GCC_WARN_64_TO_32_BIT_CONVERSION = YES;
				GCC_WARN_ABOUT_RETURN_TYPE = YES_ERROR;
				GCC_WARN_UNDECLARED_SELECTOR = YES;
				GCC_WARN_UNINITIALIZED_AUTOS = YES_AGGRESSIVE;
				GCC_WARN_UNUSED_FUNCTION = YES;
				GCC_WARN_UNUSED_VARIABLE = YES;
				IPHONEOS_DEPLOYMENT_TARGET = 17.0;
				MTL_ENABLE_DEBUG_INFO = NO;
				MTL_FAST_MATH = YES;
				SDKROOT = iphoneos;
				SWIFT_COMPILATION_MODE = wholemodule;
				SWIFT_OPTIMIZATION_LEVEL = "-O";
				SWIFT_STRICT_CONCURRENCY = complete;
				SWIFT_VERSION = 6.0;
				VALIDATE_PRODUCT = YES;
			};
			name = Release;
		};
		CCF62CDE2ADA82CB009537A9 /* Debug */ = {
			isa = XCBuildConfiguration;
			buildSettings = {
				ASSETCATALOG_COMPILER_APPICON_NAME = AppIcon;
				ASSETCATALOG_COMPILER_GLOBAL_ACCENT_COLOR_NAME = AccentColor;
				CODE_SIGN_STYLE = Automatic;
				CURRENT_PROJECT_VERSION = 1;
				DEVELOPMENT_ASSET_PATHS = "\"recipes/Preview Content\"";
				DEVELOPMENT_TEAM = B83T7LK9W3;
				ENABLE_PREVIEWS = YES;
				GENERATE_INFOPLIST_FILE = YES;
				INFOPLIST_KEY_UIApplicationSceneManifest_Generation = YES;
				INFOPLIST_KEY_UIApplicationSupportsIndirectInputEvents = YES;
				INFOPLIST_KEY_UILaunchScreen_Generation = YES;
				INFOPLIST_KEY_UISupportedInterfaceOrientations_iPad = "UIInterfaceOrientationPortrait UIInterfaceOrientationPortraitUpsideDown UIInterfaceOrientationLandscapeLeft UIInterfaceOrientationLandscapeRight";
				INFOPLIST_KEY_UISupportedInterfaceOrientations_iPhone = "UIInterfaceOrientationPortrait UIInterfaceOrientationLandscapeLeft UIInterfaceOrientationLandscapeRight";
				LD_RUNPATH_SEARCH_PATHS = (
					"$(inherited)",
					"@executable_path/Frameworks",
				);
				MARKETING_VERSION = 1.0;
				PRODUCT_BUNDLE_IDENTIFIER = com.aniramskaya.edu.recipies;
				PRODUCT_NAME = "$(TARGET_NAME)";
				SWIFT_EMIT_LOC_STRINGS = YES;
				TARGETED_DEVICE_FAMILY = "1,2";
			};
			name = Debug;
		};
		CCF62CDF2ADA82CB009537A9 /* Release */ = {
			isa = XCBuildConfiguration;
			buildSettings = {
				ASSETCATALOG_COMPILER_APPICON_NAME = AppIcon;
				ASSETCATALOG_COMPILER_GLOBAL_ACCENT_COLOR_NAME = AccentColor;
				CODE_SIGN_STYLE = Automatic;
				CURRENT_PROJECT_VERSION = 1;
				DEVELOPMENT_ASSET_PATHS = "\"recipes/Preview Content\"";
				DEVELOPMENT_TEAM = B83T7LK9W3;
				ENABLE_PREVIEWS = YES;
				GENERATE_INFOPLIST_FILE = YES;
				INFOPLIST_KEY_UIApplicationSceneManifest_Generation = YES;
				INFOPLIST_KEY_UIApplicationSupportsIndirectInputEvents = YES;
				INFOPLIST_KEY_UILaunchScreen_Generation = YES;
				INFOPLIST_KEY_UISupportedInterfaceOrientations_iPad = "UIInterfaceOrientationPortrait UIInterfaceOrientationPortraitUpsideDown UIInterfaceOrientationLandscapeLeft UIInterfaceOrientationLandscapeRight";
				INFOPLIST_KEY_UISupportedInterfaceOrientations_iPhone = "UIInterfaceOrientationPortrait UIInterfaceOrientationLandscapeLeft UIInterfaceOrientationLandscapeRight";
				LD_RUNPATH_SEARCH_PATHS = (
					"$(inherited)",
					"@executable_path/Frameworks",
				);
				MARKETING_VERSION = 1.0;
				PRODUCT_BUNDLE_IDENTIFIER = com.aniramskaya.edu.recipies;
				PRODUCT_NAME = "$(TARGET_NAME)";
				SWIFT_EMIT_LOC_STRINGS = YES;
				TARGETED_DEVICE_FAMILY = "1,2";
			};
			name = Release;
		};
		CCF62CE12ADA82CB009537A9 /* Debug */ = {
			isa = XCBuildConfiguration;
			buildSettings = {
				BUNDLE_LOADER = "$(TEST_HOST)";
				CODE_SIGN_STYLE = Automatic;
				CURRENT_PROJECT_VERSION = 1;
				DEVELOPMENT_TEAM = B83T7LK9W3;
				GENERATE_INFOPLIST_FILE = YES;
				MARKETING_VERSION = 1.0;
				PRODUCT_BUNDLE_IDENTIFIER = com.aniramskaya.edu.recipiesTests;
				PRODUCT_NAME = "$(TARGET_NAME)";
				SWIFT_EMIT_LOC_STRINGS = NO;
				TARGETED_DEVICE_FAMILY = "1,2";
				TEST_HOST = "$(BUILT_PRODUCTS_DIR)/recipes.app/$(BUNDLE_EXECUTABLE_FOLDER_PATH)/recipes";
			};
			name = Debug;
		};
		CCF62CE22ADA82CB009537A9 /* Release */ = {
			isa = XCBuildConfiguration;
			buildSettings = {
				BUNDLE_LOADER = "$(TEST_HOST)";
				CODE_SIGN_STYLE = Automatic;
				CURRENT_PROJECT_VERSION = 1;
				DEVELOPMENT_TEAM = B83T7LK9W3;
				GENERATE_INFOPLIST_FILE = YES;
				MARKETING_VERSION = 1.0;
				PRODUCT_BUNDLE_IDENTIFIER = com.aniramskaya.edu.recipiesTests;
				PRODUCT_NAME = "$(TARGET_NAME)";
				SWIFT_EMIT_LOC_STRINGS = NO;
				TARGETED_DEVICE_FAMILY = "1,2";
				TEST_HOST = "$(BUILT_PRODUCTS_DIR)/recipes.app/$(BUNDLE_EXECUTABLE_FOLDER_PATH)/recipes";
			};
			name = Release;
		};
/* End XCBuildConfiguration section */

/* Begin XCConfigurationList section */
		CCF62CB42ADA82BB009537A9 /* Build configuration list for PBXProject "recipies" */ = {
			isa = XCConfigurationList;
			buildConfigurations = (
				CCF62CDB2ADA82CB009537A9 /* Debug */,
				CCF62CDC2ADA82CB009537A9 /* Release */,
			);
			defaultConfigurationIsVisible = 0;
			defaultConfigurationName = Release;
		};
		CCF62CDD2ADA82CB009537A9 /* Build configuration list for PBXNativeTarget "recipes" */ = {
			isa = XCConfigurationList;
			buildConfigurations = (
				CCF62CDE2ADA82CB009537A9 /* Debug */,
				CCF62CDF2ADA82CB009537A9 /* Release */,
			);
			defaultConfigurationIsVisible = 0;
			defaultConfigurationName = Release;
		};
		CCF62CE02ADA82CB009537A9 /* Build configuration list for PBXNativeTarget "recipesTests" */ = {
			isa = XCConfigurationList;
			buildConfigurations = (
				CCF62CE12ADA82CB009537A9 /* Debug */,
				CCF62CE22ADA82CB009537A9 /* Release */,
			);
			defaultConfigurationIsVisible = 0;
			defaultConfigurationName = Release;
		};
/* End XCConfigurationList section */

/* Begin XCLocalSwiftPackageReference section */
		CC90AB322F9F686200ABED7F /* XCLocalSwiftPackageReference "Features/RecipeList" */ = {
			isa = XCLocalSwiftPackageReference;
			relativePath = Features/RecipeList;
		};
		CC90AB352F9F687100ABED7F /* XCLocalSwiftPackageReference "Features/RecipeEdit" */ = {
			isa = XCLocalSwiftPackageReference;
			relativePath = Features/RecipeEdit;
		};
/* End XCLocalSwiftPackageReference section */

/* Begin XCRemoteSwiftPackageReference section */
		CC5C8BD92EFA8EF500D14CF1 /* XCRemoteSwiftPackageReference "swift-snapshot-testing" */ = {
			isa = XCRemoteSwiftPackageReference;
			repositoryURL = "https://github.com/pointfreeco/swift-snapshot-testing";
			requirement = {
				kind = upToNextMajorVersion;
				minimumVersion = 1.18.7;
			};
		};
		CC9D232A2F0A36890039E3D4 /* XCRemoteSwiftPackageReference "ViewInspector" */ = {
			isa = XCRemoteSwiftPackageReference;
			repositoryURL = "https://github.com/nalexn/ViewInspector";
			requirement = {
				kind = upToNextMajorVersion;
				minimumVersion = 0.10.3;
			};
		};
		CC9F64BF2F1E3C5400357A55 /* XCRemoteSwiftPackageReference "swift-async-algorithms" */ = {
			isa = XCRemoteSwiftPackageReference;
			repositoryURL = "https://github.com/apple/swift-async-algorithms.git";
			requirement = {
				kind = upToNextMajorVersion;
				minimumVersion = 1.1.1;
			};
		};
/* End XCRemoteSwiftPackageReference section */

/* Begin XCSwiftPackageProductDependency section */
		CC7E37522F975E0900BF78F2 /* RecipeUIKit */ = {
			isa = XCSwiftPackageProductDependency;
			productName = RecipeUIKit;
		};
		CC7E37552F975E2500BF78F2 /* RecipeList */ = {
			isa = XCSwiftPackageProductDependency;
			productName = RecipeList;
		};
		CC90AB332F9F686200ABED7F /* RecipeList */ = {
			isa = XCSwiftPackageProductDependency;
			productName = RecipeList;
		};
		CC90AB362F9F687100ABED7F /* RecipeEdit */ = {
			isa = XCSwiftPackageProductDependency;
			productName = RecipeEdit;
		};
/* End XCSwiftPackageProductDependency section */
	};
	rootObject = CCF62CB12ADA82BB009537A9 /* Project object */;
}
